// !$*UTF8*$!
{
	archiveVersion = 1;
	classes = {
	};
	objectVersion = 51;
	objects = {

/* Begin PBXBuildFile section */
		581E139C3D1C569DC295CD68 /* Pods_MarvelTests.framework in Frameworks */ = {isa = PBXBuildFile; fileRef = 48D26D352345672D7F3CF048 /* Pods_MarvelTests.framework */; };
		5C0B056723FC7744005132DD /* Core.framework in Frameworks */ = {isa = PBXBuildFile; fileRef = 5C0B056323FC7744005132DD /* Core.framework */; };
		5C0B056823FC7744005132DD /* Core.framework in Embed Frameworks */ = {isa = PBXBuildFile; fileRef = 5C0B056323FC7744005132DD /* Core.framework */; settings = {ATTRIBUTES = (CodeSignOnCopy, RemoveHeadersOnCopy, ); }; };
		5C0B056D23FC7744005132DD /* MarvelUseCase.framework in Frameworks */ = {isa = PBXBuildFile; fileRef = 5C0B056623FC7744005132DD /* MarvelUseCase.framework */; };
		5C0B056E23FC7744005132DD /* MarvelUseCase.framework in Embed Frameworks */ = {isa = PBXBuildFile; fileRef = 5C0B056623FC7744005132DD /* MarvelUseCase.framework */; settings = {ATTRIBUTES = (CodeSignOnCopy, RemoveHeadersOnCopy, ); }; };
		5C73D5A623DA2F39000DDE85 /* AppDelegate.swift in Sources */ = {isa = PBXBuildFile; fileRef = 5C73D5A523DA2F39000DDE85 /* AppDelegate.swift */; };
		5C73D5A823DA2F39000DDE85 /* SceneDelegate.swift in Sources */ = {isa = PBXBuildFile; fileRef = 5C73D5A723DA2F39000DDE85 /* SceneDelegate.swift */; };
		5C73D5AD23DA2F39000DDE85 /* HomeView.swift in Sources */ = {isa = PBXBuildFile; fileRef = 5C73D5AC23DA2F39000DDE85 /* HomeView.swift */; };
		5C73D5AF23DA2F39000DDE85 /* Assets.xcassets in Resources */ = {isa = PBXBuildFile; fileRef = 5C73D5AE23DA2F39000DDE85 /* Assets.xcassets */; };
		5C73D5B223DA2F39000DDE85 /* Preview Assets.xcassets in Resources */ = {isa = PBXBuildFile; fileRef = 5C73D5B123DA2F39000DDE85 /* Preview Assets.xcassets */; };
		5C73D5B523DA2F39000DDE85 /* LaunchScreen.storyboard in Resources */ = {isa = PBXBuildFile; fileRef = 5C73D5B323DA2F39000DDE85 /* LaunchScreen.storyboard */; };
		5C73D5C023DA2F39000DDE85 /* MarvelTests.swift in Sources */ = {isa = PBXBuildFile; fileRef = 5C73D5BF23DA2F39000DDE85 /* MarvelTests.swift */; };
		5C73D5CB23DA2F39000DDE85 /* MarvelUITests.swift in Sources */ = {isa = PBXBuildFile; fileRef = 5C73D5CA23DA2F39000DDE85 /* MarvelUITests.swift */; };
		5CCDD23023E711B30069207E /* MarvelDomain.framework in Frameworks */ = {isa = PBXBuildFile; fileRef = 5CCDD22D23E711B30069207E /* MarvelDomain.framework */; };
		5CCDD23123E711B30069207E /* MarvelDomain.framework in Embed Frameworks */ = {isa = PBXBuildFile; fileRef = 5CCDD22D23E711B30069207E /* MarvelDomain.framework */; settings = {ATTRIBUTES = (CodeSignOnCopy, RemoveHeadersOnCopy, ); }; };
		8391EA1139A917ED4CC4846C /* Pods_Marvel.framework in Frameworks */ = {isa = PBXBuildFile; fileRef = DD3041332B6672665F7BE55F /* Pods_Marvel.framework */; };
		E7F365AB9D27C6E04B0B35B0 /* Pods_MarvelUITests.framework in Frameworks */ = {isa = PBXBuildFile; fileRef = 0D19A3655DDDCF98DE484992 /* Pods_MarvelUITests.framework */; };
		E97BA88D2545F4C8000C5FB1 /* SpinnerView.swift in Sources */ = {isa = PBXBuildFile; fileRef = E97BA88C2545F4C8000C5FB1 /* SpinnerView.swift */; };
		E9CAB618253ACDDC003C393D /* CharacterItemView.swift in Sources */ = {isa = PBXBuildFile; fileRef = E9CAB617253ACDDC003C393D /* CharacterItemView.swift */; };
		E9CAB638253AD5C1003C393D /* LoadImageView.swift in Sources */ = {isa = PBXBuildFile; fileRef = E9CAB637253AD5C1003C393D /* LoadImageView.swift */; };
		E9CAB639253AD5C1003C393D /* LoadImageView.swift in Sources */ = {isa = PBXBuildFile; fileRef = E9CAB637253AD5C1003C393D /* LoadImageView.swift */; };
		E9CAB63A253AD5C1003C393D /* LoadImageView.swift in Sources */ = {isa = PBXBuildFile; fileRef = E9CAB637253AD5C1003C393D /* LoadImageView.swift */; };
		E9CAB652253ADD48003C393D /* CharacterItemView.swift in Sources */ = {isa = PBXBuildFile; fileRef = E9CAB617253ACDDC003C393D /* CharacterItemView.swift */; };
		E9CAB655253ADD48003C393D /* CharacterItemView.swift in Sources */ = {isa = PBXBuildFile; fileRef = E9CAB617253ACDDC003C393D /* CharacterItemView.swift */; };
		E9DFDEAE253A240A0091A7D0 /* CoreDataRepositoryAssembly.swift in Sources */ = {isa = PBXBuildFile; fileRef = E9DFDEA9253A24090091A7D0 /* CoreDataRepositoryAssembly.swift */; };
		E9DFDEAF253A240A0091A7D0 /* CoreDataRepositoryAssembly.swift in Sources */ = {isa = PBXBuildFile; fileRef = E9DFDEA9253A24090091A7D0 /* CoreDataRepositoryAssembly.swift */; };
		E9DFDEB0253A240A0091A7D0 /* CoreDataRepositoryAssembly.swift in Sources */ = {isa = PBXBuildFile; fileRef = E9DFDEA9253A24090091A7D0 /* CoreDataRepositoryAssembly.swift */; };
		E9DFDEB1253A240A0091A7D0 /* URLRequestConstructorAssembly.swift in Sources */ = {isa = PBXBuildFile; fileRef = E9DFDEAA253A24090091A7D0 /* URLRequestConstructorAssembly.swift */; };
		E9DFDEB2253A240A0091A7D0 /* URLRequestConstructorAssembly.swift in Sources */ = {isa = PBXBuildFile; fileRef = E9DFDEAA253A24090091A7D0 /* URLRequestConstructorAssembly.swift */; };
		E9DFDEB3253A240A0091A7D0 /* URLRequestConstructorAssembly.swift in Sources */ = {isa = PBXBuildFile; fileRef = E9DFDEAA253A24090091A7D0 /* URLRequestConstructorAssembly.swift */; };
		E9DFDEB4253A240A0091A7D0 /* AssemblyFactory.swift in Sources */ = {isa = PBXBuildFile; fileRef = E9DFDEAB253A24090091A7D0 /* AssemblyFactory.swift */; };
		E9DFDEB5253A240A0091A7D0 /* AssemblyFactory.swift in Sources */ = {isa = PBXBuildFile; fileRef = E9DFDEAB253A24090091A7D0 /* AssemblyFactory.swift */; };
		E9DFDEB6253A240A0091A7D0 /* AssemblyFactory.swift in Sources */ = {isa = PBXBuildFile; fileRef = E9DFDEAB253A24090091A7D0 /* AssemblyFactory.swift */; };
		E9DFDEB7253A240A0091A7D0 /* NetworkRepositoryAssembly.swift in Sources */ = {isa = PBXBuildFile; fileRef = E9DFDEAC253A24090091A7D0 /* NetworkRepositoryAssembly.swift */; };
		E9DFDEB8253A240A0091A7D0 /* NetworkRepositoryAssembly.swift in Sources */ = {isa = PBXBuildFile; fileRef = E9DFDEAC253A24090091A7D0 /* NetworkRepositoryAssembly.swift */; };
		E9DFDEB9253A240A0091A7D0 /* NetworkRepositoryAssembly.swift in Sources */ = {isa = PBXBuildFile; fileRef = E9DFDEAC253A24090091A7D0 /* NetworkRepositoryAssembly.swift */; };
		E9DFDEBA253A240A0091A7D0 /* UseCaseAssembly.swift in Sources */ = {isa = PBXBuildFile; fileRef = E9DFDEAD253A240A0091A7D0 /* UseCaseAssembly.swift */; };
		E9DFDEBB253A240A0091A7D0 /* UseCaseAssembly.swift in Sources */ = {isa = PBXBuildFile; fileRef = E9DFDEAD253A240A0091A7D0 /* UseCaseAssembly.swift */; };
		E9DFDEBC253A240A0091A7D0 /* UseCaseAssembly.swift in Sources */ = {isa = PBXBuildFile; fileRef = E9DFDEAD253A240A0091A7D0 /* UseCaseAssembly.swift */; };
		E9E2AD142538DC9100262CEC /* Redux.framework in Frameworks */ = {isa = PBXBuildFile; fileRef = E9E2AD132538DC9100262CEC /* Redux.framework */; };
		E9E2AD152538DC9100262CEC /* Redux.framework in Embed Frameworks */ = {isa = PBXBuildFile; fileRef = E9E2AD132538DC9100262CEC /* Redux.framework */; settings = {ATTRIBUTES = (CodeSignOnCopy, RemoveHeadersOnCopy, ); }; };
		E9F2324725617D3D00B06E0B /* RandomAccessCollection+.swift in Sources */ = {isa = PBXBuildFile; fileRef = E9F2324625617D3D00B06E0B /* RandomAccessCollection+.swift */; };
		E9F2324E25619E3900B06E0B /* CharactersCarouselView.swift in Sources */ = {isa = PBXBuildFile; fileRef = E9F2324D25619E3900B06E0B /* CharactersCarouselView.swift */; };
/* End PBXBuildFile section */

/* Begin PBXContainerItemProxy section */
		5C73D5BC23DA2F39000DDE85 /* PBXContainerItemProxy */ = {
			isa = PBXContainerItemProxy;
			containerPortal = 5C73D59A23DA2F38000DDE85 /* Project object */;
			proxyType = 1;
			remoteGlobalIDString = 5C73D5A123DA2F38000DDE85;
			remoteInfo = Marvel;
		};
		5C73D5C723DA2F39000DDE85 /* PBXContainerItemProxy */ = {
			isa = PBXContainerItemProxy;
			containerPortal = 5C73D59A23DA2F38000DDE85 /* Project object */;
			proxyType = 1;
			remoteGlobalIDString = 5C73D5A123DA2F38000DDE85;
			remoteInfo = Marvel;
		};
/* End PBXContainerItemProxy section */

/* Begin PBXCopyFilesBuildPhase section */
		5CCDD23623E711B30069207E /* Embed Frameworks */ = {
			isa = PBXCopyFilesBuildPhase;
			buildActionMask = 2147483647;
			dstPath = "";
			dstSubfolderSpec = 10;
			files = (
				5C0B056823FC7744005132DD /* Core.framework in Embed Frameworks */,
				5CCDD23123E711B30069207E /* MarvelDomain.framework in Embed Frameworks */,
				5C0B056E23FC7744005132DD /* MarvelUseCase.framework in Embed Frameworks */,
				E9E2AD152538DC9100262CEC /* Redux.framework in Embed Frameworks */,
			);
			name = "Embed Frameworks";
			runOnlyForDeploymentPostprocessing = 0;
		};
/* End PBXCopyFilesBuildPhase section */

/* Begin PBXFileReference section */
		05DD4214F4B8AB34A675F17F /* Pods-MarvelTests.debug.xcconfig */ = {isa = PBXFileReference; includeInIndex = 1; lastKnownFileType = text.xcconfig; name = "Pods-MarvelTests.debug.xcconfig"; path = "Target Support Files/Pods-MarvelTests/Pods-MarvelTests.debug.xcconfig"; sourceTree = "<group>"; };
		0D19A3655DDDCF98DE484992 /* Pods_MarvelUITests.framework */ = {isa = PBXFileReference; explicitFileType = wrapper.framework; includeInIndex = 0; path = Pods_MarvelUITests.framework; sourceTree = BUILT_PRODUCTS_DIR; };
		32F3E86A6C53C12094D9A61F /* Pods-Marvel.release.xcconfig */ = {isa = PBXFileReference; includeInIndex = 1; lastKnownFileType = text.xcconfig; name = "Pods-Marvel.release.xcconfig"; path = "Target Support Files/Pods-Marvel/Pods-Marvel.release.xcconfig"; sourceTree = "<group>"; };
		3F28915E181CC377440EBEF8 /* Pods-MarvelTests.release.xcconfig */ = {isa = PBXFileReference; includeInIndex = 1; lastKnownFileType = text.xcconfig; name = "Pods-MarvelTests.release.xcconfig"; path = "Target Support Files/Pods-MarvelTests/Pods-MarvelTests.release.xcconfig"; sourceTree = "<group>"; };
		48D26D352345672D7F3CF048 /* Pods_MarvelTests.framework */ = {isa = PBXFileReference; explicitFileType = wrapper.framework; includeInIndex = 0; path = Pods_MarvelTests.framework; sourceTree = BUILT_PRODUCTS_DIR; };
		5C0B056323FC7744005132DD /* Core.framework */ = {isa = PBXFileReference; explicitFileType = wrapper.framework; path = Core.framework; sourceTree = BUILT_PRODUCTS_DIR; };
		5C0B056423FC7744005132DD /* MarvelDAO.framework */ = {isa = PBXFileReference; explicitFileType = wrapper.framework; path = MarvelDAO.framework; sourceTree = BUILT_PRODUCTS_DIR; };
		5C0B056523FC7744005132DD /* MarvelNetwork.framework */ = {isa = PBXFileReference; explicitFileType = wrapper.framework; path = MarvelNetwork.framework; sourceTree = BUILT_PRODUCTS_DIR; };
		5C0B056623FC7744005132DD /* MarvelUseCase.framework */ = {isa = PBXFileReference; explicitFileType = wrapper.framework; path = MarvelUseCase.framework; sourceTree = BUILT_PRODUCTS_DIR; };
		5C63DFC823EF22A700B61C8D /* DEV.xcconfig */ = {isa = PBXFileReference; fileEncoding = 4; lastKnownFileType = text.xcconfig; name = DEV.xcconfig; path = ../DEV.xcconfig; sourceTree = "<group>"; };
		5C73D5A223DA2F38000DDE85 /* Marvel.app */ = {isa = PBXFileReference; explicitFileType = wrapper.application; includeInIndex = 0; path = Marvel.app; sourceTree = BUILT_PRODUCTS_DIR; };
		5C73D5A523DA2F39000DDE85 /* AppDelegate.swift */ = {isa = PBXFileReference; lastKnownFileType = sourcecode.swift; path = AppDelegate.swift; sourceTree = "<group>"; };
		5C73D5A723DA2F39000DDE85 /* SceneDelegate.swift */ = {isa = PBXFileReference; lastKnownFileType = sourcecode.swift; path = SceneDelegate.swift; sourceTree = "<group>"; };
		5C73D5AC23DA2F39000DDE85 /* HomeView.swift */ = {isa = PBXFileReference; lastKnownFileType = sourcecode.swift; path = HomeView.swift; sourceTree = "<group>"; };
		5C73D5AE23DA2F39000DDE85 /* Assets.xcassets */ = {isa = PBXFileReference; lastKnownFileType = folder.assetcatalog; path = Assets.xcassets; sourceTree = "<group>"; };
		5C73D5B123DA2F39000DDE85 /* Preview Assets.xcassets */ = {isa = PBXFileReference; lastKnownFileType = folder.assetcatalog; path = "Preview Assets.xcassets"; sourceTree = "<group>"; };
		5C73D5B423DA2F39000DDE85 /* Base */ = {isa = PBXFileReference; lastKnownFileType = file.storyboard; name = Base; path = Base.lproj/LaunchScreen.storyboard; sourceTree = "<group>"; };
		5C73D5B623DA2F39000DDE85 /* Info.plist */ = {isa = PBXFileReference; lastKnownFileType = text.plist.xml; path = Info.plist; sourceTree = "<group>"; };
		5C73D5BB23DA2F39000DDE85 /* MarvelTests.xctest */ = {isa = PBXFileReference; explicitFileType = wrapper.cfbundle; includeInIndex = 0; path = MarvelTests.xctest; sourceTree = BUILT_PRODUCTS_DIR; };
		5C73D5BF23DA2F39000DDE85 /* MarvelTests.swift */ = {isa = PBXFileReference; lastKnownFileType = sourcecode.swift; path = MarvelTests.swift; sourceTree = "<group>"; };
		5C73D5C123DA2F39000DDE85 /* Info.plist */ = {isa = PBXFileReference; lastKnownFileType = text.plist.xml; path = Info.plist; sourceTree = "<group>"; };
		5C73D5C623DA2F39000DDE85 /* MarvelUITests.xctest */ = {isa = PBXFileReference; explicitFileType = wrapper.cfbundle; includeInIndex = 0; path = MarvelUITests.xctest; sourceTree = BUILT_PRODUCTS_DIR; };
		5C73D5CA23DA2F39000DDE85 /* MarvelUITests.swift */ = {isa = PBXFileReference; lastKnownFileType = sourcecode.swift; path = MarvelUITests.swift; sourceTree = "<group>"; };
		5C73D5CC23DA2F39000DDE85 /* Info.plist */ = {isa = PBXFileReference; lastKnownFileType = text.plist.xml; path = Info.plist; sourceTree = "<group>"; };
		5CCDD22D23E711B30069207E /* MarvelDomain.framework */ = {isa = PBXFileReference; explicitFileType = wrapper.framework; path = MarvelDomain.framework; sourceTree = BUILT_PRODUCTS_DIR; };
		5CCDD22E23E711B30069207E /* MarvelNetwork.framework */ = {isa = PBXFileReference; explicitFileType = wrapper.framework; path = MarvelNetwork.framework; sourceTree = BUILT_PRODUCTS_DIR; };
		5CCDD22F23E711B30069207E /* MarvelRepository.framework */ = {isa = PBXFileReference; explicitFileType = wrapper.framework; path = MarvelRepository.framework; sourceTree = BUILT_PRODUCTS_DIR; };
		81B45ABCF0CA0966EA180032 /* Pods-MarvelUITests.release.xcconfig */ = {isa = PBXFileReference; includeInIndex = 1; lastKnownFileType = text.xcconfig; name = "Pods-MarvelUITests.release.xcconfig"; path = "Target Support Files/Pods-MarvelUITests/Pods-MarvelUITests.release.xcconfig"; sourceTree = "<group>"; };
		84842B4924786B9500941051 /* MarvelCoreDataRepository.framework */ = {isa = PBXFileReference; explicitFileType = wrapper.framework; path = MarvelCoreDataRepository.framework; sourceTree = BUILT_PRODUCTS_DIR; };
		84842B4A24786B9500941051 /* MarvelNetworkRepository.framework */ = {isa = PBXFileReference; explicitFileType = wrapper.framework; path = MarvelNetworkRepository.framework; sourceTree = BUILT_PRODUCTS_DIR; };
		98518F4EA0E301FD0F14EE1E /* Pods-MarvelUITests.debug.xcconfig */ = {isa = PBXFileReference; includeInIndex = 1; lastKnownFileType = text.xcconfig; name = "Pods-MarvelUITests.debug.xcconfig"; path = "Target Support Files/Pods-MarvelUITests/Pods-MarvelUITests.debug.xcconfig"; sourceTree = "<group>"; };
		C04710BCFE79166B0D541581 /* Pods-Marvel.debug.xcconfig */ = {isa = PBXFileReference; includeInIndex = 1; lastKnownFileType = text.xcconfig; name = "Pods-Marvel.debug.xcconfig"; path = "Target Support Files/Pods-Marvel/Pods-Marvel.debug.xcconfig"; sourceTree = "<group>"; };
		DD3041332B6672665F7BE55F /* Pods_Marvel.framework */ = {isa = PBXFileReference; explicitFileType = wrapper.framework; includeInIndex = 0; path = Pods_Marvel.framework; sourceTree = BUILT_PRODUCTS_DIR; };
		E97BA88C2545F4C8000C5FB1 /* SpinnerView.swift */ = {isa = PBXFileReference; lastKnownFileType = sourcecode.swift; path = SpinnerView.swift; sourceTree = "<group>"; };
		E9CAB617253ACDDC003C393D /* CharacterItemView.swift */ = {isa = PBXFileReference; lastKnownFileType = sourcecode.swift; path = CharacterItemView.swift; sourceTree = "<group>"; };
		E9CAB637253AD5C1003C393D /* LoadImageView.swift */ = {isa = PBXFileReference; lastKnownFileType = sourcecode.swift; path = LoadImageView.swift; sourceTree = "<group>"; };
		E9DFDEA9253A24090091A7D0 /* CoreDataRepositoryAssembly.swift */ = {isa = PBXFileReference; fileEncoding = 4; lastKnownFileType = sourcecode.swift; path = CoreDataRepositoryAssembly.swift; sourceTree = "<group>"; };
		E9DFDEAA253A24090091A7D0 /* URLRequestConstructorAssembly.swift */ = {isa = PBXFileReference; fileEncoding = 4; lastKnownFileType = sourcecode.swift; path = URLRequestConstructorAssembly.swift; sourceTree = "<group>"; };
		E9DFDEAB253A24090091A7D0 /* AssemblyFactory.swift */ = {isa = PBXFileReference; fileEncoding = 4; lastKnownFileType = sourcecode.swift; path = AssemblyFactory.swift; sourceTree = "<group>"; };
		E9DFDEAC253A24090091A7D0 /* NetworkRepositoryAssembly.swift */ = {isa = PBXFileReference; fileEncoding = 4; lastKnownFileType = sourcecode.swift; path = NetworkRepositoryAssembly.swift; sourceTree = "<group>"; };
		E9DFDEAD253A240A0091A7D0 /* UseCaseAssembly.swift */ = {isa = PBXFileReference; fileEncoding = 4; lastKnownFileType = sourcecode.swift; path = UseCaseAssembly.swift; sourceTree = "<group>"; };
		E9E2AD132538DC9100262CEC /* Redux.framework */ = {isa = PBXFileReference; explicitFileType = wrapper.framework; path = Redux.framework; sourceTree = BUILT_PRODUCTS_DIR; };
		E9F2324625617D3D00B06E0B /* RandomAccessCollection+.swift */ = {isa = PBXFileReference; lastKnownFileType = sourcecode.swift; path = "RandomAccessCollection+.swift"; sourceTree = "<group>"; };
		E9F2324D25619E3900B06E0B /* CharactersCarouselView.swift */ = {isa = PBXFileReference; lastKnownFileType = sourcecode.swift; path = CharactersCarouselView.swift; sourceTree = "<group>"; };
/* End PBXFileReference section */

/* Begin PBXFrameworksBuildPhase section */
		5C73D59F23DA2F38000DDE85 /* Frameworks */ = {
			isa = PBXFrameworksBuildPhase;
			buildActionMask = 2147483647;
			files = (
				5C0B056723FC7744005132DD /* Core.framework in Frameworks */,
				5CCDD23023E711B30069207E /* MarvelDomain.framework in Frameworks */,
				5C0B056D23FC7744005132DD /* MarvelUseCase.framework in Frameworks */,
				8391EA1139A917ED4CC4846C /* Pods_Marvel.framework in Frameworks */,
				E9E2AD142538DC9100262CEC /* Redux.framework in Frameworks */,
			);
			runOnlyForDeploymentPostprocessing = 0;
		};
		5C73D5B823DA2F39000DDE85 /* Frameworks */ = {
			isa = PBXFrameworksBuildPhase;
			buildActionMask = 2147483647;
			files = (
				581E139C3D1C569DC295CD68 /* Pods_MarvelTests.framework in Frameworks */,
			);
			runOnlyForDeploymentPostprocessing = 0;
		};
		5C73D5C323DA2F39000DDE85 /* Frameworks */ = {
			isa = PBXFrameworksBuildPhase;
			buildActionMask = 2147483647;
			files = (
				E7F365AB9D27C6E04B0B35B0 /* Pods_MarvelUITests.framework in Frameworks */,
			);
			runOnlyForDeploymentPostprocessing = 0;
		};
/* End PBXFrameworksBuildPhase section */

/* Begin PBXGroup section */
		0E02451640C25D80FB0A3EA4 /* Pods */ = {
			isa = PBXGroup;
			children = (
				C04710BCFE79166B0D541581 /* Pods-Marvel.debug.xcconfig */,
				32F3E86A6C53C12094D9A61F /* Pods-Marvel.release.xcconfig */,
				05DD4214F4B8AB34A675F17F /* Pods-MarvelTests.debug.xcconfig */,
				3F28915E181CC377440EBEF8 /* Pods-MarvelTests.release.xcconfig */,
				98518F4EA0E301FD0F14EE1E /* Pods-MarvelUITests.debug.xcconfig */,
				81B45ABCF0CA0966EA180032 /* Pods-MarvelUITests.release.xcconfig */,
			);
			name = Pods;
			path = ../../Pods;
			sourceTree = "<group>";
		};
		5C73D59923DA2F38000DDE85 = {
			isa = PBXGroup;
			children = (
				5C63DFC823EF22A700B61C8D /* DEV.xcconfig */,
				5C73D5A423DA2F38000DDE85 /* Marvel */,
				5C73D5BE23DA2F39000DDE85 /* MarvelTests */,
				5C73D5C923DA2F39000DDE85 /* MarvelUITests */,
				5C73D5A323DA2F38000DDE85 /* Products */,
				5CCDD22C23E711B30069207E /* Frameworks */,
				0E02451640C25D80FB0A3EA4 /* Pods */,
			);
			sourceTree = "<group>";
		};
		5C73D5A323DA2F38000DDE85 /* Products */ = {
			isa = PBXGroup;
			children = (
				5C73D5A223DA2F38000DDE85 /* Marvel.app */,
				5C73D5BB23DA2F39000DDE85 /* MarvelTests.xctest */,
				5C73D5C623DA2F39000DDE85 /* MarvelUITests.xctest */,
			);
			name = Products;
			sourceTree = "<group>";
		};
		5C73D5A423DA2F38000DDE85 /* Marvel */ = {
			isa = PBXGroup;
			children = (
				E9F2324525617D2E00B06E0B /* Extensions */,
				E9DFDEA8253A23FA0091A7D0 /* DI */,
				E9CAB63F253AD708003C393D /* CommonViews */,
				5C73D5B023DA2F39000DDE85 /* Preview Content */,
				5C73D5A523DA2F39000DDE85 /* AppDelegate.swift */,
				5C73D5A723DA2F39000DDE85 /* SceneDelegate.swift */,
				5C73D5AC23DA2F39000DDE85 /* HomeView.swift */,
				E9DFDED6253A2DC70091A7D0 /* Characters */,
				5C73D5AE23DA2F39000DDE85 /* Assets.xcassets */,
				5C73D5B323DA2F39000DDE85 /* LaunchScreen.storyboard */,
				5C73D5B623DA2F39000DDE85 /* Info.plist */,
			);
			path = Marvel;
			sourceTree = "<group>";
		};
		5C73D5B023DA2F39000DDE85 /* Preview Content */ = {
			isa = PBXGroup;
			children = (
				5C73D5B123DA2F39000DDE85 /* Preview Assets.xcassets */,
			);
			path = "Preview Content";
			sourceTree = "<group>";
		};
		5C73D5BE23DA2F39000DDE85 /* MarvelTests */ = {
			isa = PBXGroup;
			children = (
				5C73D5BF23DA2F39000DDE85 /* MarvelTests.swift */,
				5C73D5C123DA2F39000DDE85 /* Info.plist */,
			);
			path = MarvelTests;
			sourceTree = "<group>";
		};
		5C73D5C923DA2F39000DDE85 /* MarvelUITests */ = {
			isa = PBXGroup;
			children = (
				5C73D5CA23DA2F39000DDE85 /* MarvelUITests.swift */,
				5C73D5CC23DA2F39000DDE85 /* Info.plist */,
			);
			path = MarvelUITests;
			sourceTree = "<group>";
		};
		5CCDD22C23E711B30069207E /* Frameworks */ = {
			isa = PBXGroup;
			children = (
				E9E2AD132538DC9100262CEC /* Redux.framework */,
				84842B4924786B9500941051 /* MarvelCoreDataRepository.framework */,
				84842B4A24786B9500941051 /* MarvelNetworkRepository.framework */,
				5C0B056323FC7744005132DD /* Core.framework */,
				5C0B056423FC7744005132DD /* MarvelDAO.framework */,
				5C0B056523FC7744005132DD /* MarvelNetwork.framework */,
				5C0B056623FC7744005132DD /* MarvelUseCase.framework */,
				5CCDD22D23E711B30069207E /* MarvelDomain.framework */,
				5CCDD22E23E711B30069207E /* MarvelNetwork.framework */,
				5CCDD22F23E711B30069207E /* MarvelRepository.framework */,
				DD3041332B6672665F7BE55F /* Pods_Marvel.framework */,
				48D26D352345672D7F3CF048 /* Pods_MarvelTests.framework */,
				0D19A3655DDDCF98DE484992 /* Pods_MarvelUITests.framework */,
			);
			name = Frameworks;
			sourceTree = "<group>";
		};
		E9CAB63F253AD708003C393D /* CommonViews */ = {
			isa = PBXGroup;
			children = (
				E9CAB637253AD5C1003C393D /* LoadImageView.swift */,
				E97BA88C2545F4C8000C5FB1 /* SpinnerView.swift */,
			);
			path = CommonViews;
			sourceTree = "<group>";
		};
		E9DFDEA8253A23FA0091A7D0 /* DI */ = {
			isa = PBXGroup;
			children = (
				E9DFDEAB253A24090091A7D0 /* AssemblyFactory.swift */,
				E9DFDEAA253A24090091A7D0 /* URLRequestConstructorAssembly.swift */,
				E9DFDEAC253A24090091A7D0 /* NetworkRepositoryAssembly.swift */,
				E9DFDEA9253A24090091A7D0 /* CoreDataRepositoryAssembly.swift */,
				E9DFDEAD253A240A0091A7D0 /* UseCaseAssembly.swift */,
			);
			path = DI;
			sourceTree = "<group>";
		};
		E9DFDED6253A2DC70091A7D0 /* Characters */ = {
			isa = PBXGroup;
			children = (
				E9F2324D25619E3900B06E0B /* CharactersCarouselView.swift */,
				E9CAB617253ACDDC003C393D /* CharacterItemView.swift */,
			);
			path = Characters;
			sourceTree = "<group>";
		};
		E9F2324525617D2E00B06E0B /* Extensions */ = {
			isa = PBXGroup;
			children = (
				E9F2324625617D3D00B06E0B /* RandomAccessCollection+.swift */,
			);
			path = Extensions;
			sourceTree = "<group>";
		};
/* End PBXGroup section */

/* Begin PBXNativeTarget section */
		5C73D5A123DA2F38000DDE85 /* Marvel */ = {
			isa = PBXNativeTarget;
			buildConfigurationList = 5C73D5CF23DA2F39000DDE85 /* Build configuration list for PBXNativeTarget "Marvel" */;
			buildPhases = (
				8EDFFFB7B68E0F994C6328F4 /* [CP] Check Pods Manifest.lock */,
				5C73D59E23DA2F38000DDE85 /* Sources */,
				5C73D59F23DA2F38000DDE85 /* Frameworks */,
				5C73D5A023DA2F38000DDE85 /* Resources */,
				5CCDD23623E711B30069207E /* Embed Frameworks */,
				2D6215EABFAC3D1213518D0F /* [CP] Embed Pods Frameworks */,
			);
			buildRules = (
			);
			dependencies = (
			);
			name = Marvel;
			packageProductDependencies = (
			);
			productName = Marvel;
			productReference = 5C73D5A223DA2F38000DDE85 /* Marvel.app */;
			productType = "com.apple.product-type.application";
		};
		5C73D5BA23DA2F39000DDE85 /* MarvelTests */ = {
			isa = PBXNativeTarget;
			buildConfigurationList = 5C73D5D223DA2F39000DDE85 /* Build configuration list for PBXNativeTarget "MarvelTests" */;
			buildPhases = (
				F89D1266200886566BF280BB /* [CP] Check Pods Manifest.lock */,
				5C73D5B723DA2F39000DDE85 /* Sources */,
				5C73D5B823DA2F39000DDE85 /* Frameworks */,
				5C73D5B923DA2F39000DDE85 /* Resources */,
			);
			buildRules = (
			);
			dependencies = (
				5C73D5BD23DA2F39000DDE85 /* PBXTargetDependency */,
			);
			name = MarvelTests;
			productName = MarvelTests;
			productReference = 5C73D5BB23DA2F39000DDE85 /* MarvelTests.xctest */;
			productType = "com.apple.product-type.bundle.unit-test";
		};
		5C73D5C523DA2F39000DDE85 /* MarvelUITests */ = {
			isa = PBXNativeTarget;
			buildConfigurationList = 5C73D5D523DA2F39000DDE85 /* Build configuration list for PBXNativeTarget "MarvelUITests" */;
			buildPhases = (
				88D71CB74342F71827FF8384 /* [CP] Check Pods Manifest.lock */,
				5C73D5C223DA2F39000DDE85 /* Sources */,
				5C73D5C323DA2F39000DDE85 /* Frameworks */,
				5C73D5C423DA2F39000DDE85 /* Resources */,
			);
			buildRules = (
			);
			dependencies = (
				5C73D5C823DA2F39000DDE85 /* PBXTargetDependency */,
			);
			name = MarvelUITests;
			productName = MarvelUITests;
			productReference = 5C73D5C623DA2F39000DDE85 /* MarvelUITests.xctest */;
			productType = "com.apple.product-type.bundle.ui-testing";
		};
/* End PBXNativeTarget section */

/* Begin PBXProject section */
		5C73D59A23DA2F38000DDE85 /* Project object */ = {
			isa = PBXProject;
			attributes = {
				LastSwiftUpdateCheck = 1130;
				LastUpgradeCheck = 1200;
				ORGANIZATIONNAME = "Maksim Kazachkov";
				TargetAttributes = {
					5C73D5A123DA2F38000DDE85 = {
						CreatedOnToolsVersion = 11.3;
					};
					5C73D5BA23DA2F39000DDE85 = {
						CreatedOnToolsVersion = 11.3;
						TestTargetID = 5C73D5A123DA2F38000DDE85;
					};
					5C73D5C523DA2F39000DDE85 = {
						CreatedOnToolsVersion = 11.3;
						TestTargetID = 5C73D5A123DA2F38000DDE85;
					};
				};
			};
			buildConfigurationList = 5C73D59D23DA2F38000DDE85 /* Build configuration list for PBXProject "Marvel" */;
			compatibilityVersion = "Xcode 9.3";
			developmentRegion = en;
			hasScannedForEncodings = 0;
			knownRegions = (
				en,
				Base,
			);
			mainGroup = 5C73D59923DA2F38000DDE85;
			packageReferences = (
			);
			productRefGroup = 5C73D5A323DA2F38000DDE85 /* Products */;
			projectDirPath = "";
			projectRoot = "";
			targets = (
				5C73D5A123DA2F38000DDE85 /* Marvel */,
				5C73D5BA23DA2F39000DDE85 /* MarvelTests */,
				5C73D5C523DA2F39000DDE85 /* MarvelUITests */,
			);
		};
/* End PBXProject section */

/* Begin PBXResourcesBuildPhase section */
		5C73D5A023DA2F38000DDE85 /* Resources */ = {
			isa = PBXResourcesBuildPhase;
			buildActionMask = 2147483647;
			files = (
				5C73D5B523DA2F39000DDE85 /* LaunchScreen.storyboard in Resources */,
				5C73D5B223DA2F39000DDE85 /* Preview Assets.xcassets in Resources */,
				5C73D5AF23DA2F39000DDE85 /* Assets.xcassets in Resources */,
			);
			runOnlyForDeploymentPostprocessing = 0;
		};
		5C73D5B923DA2F39000DDE85 /* Resources */ = {
			isa = PBXResourcesBuildPhase;
			buildActionMask = 2147483647;
			files = (
			);
			runOnlyForDeploymentPostprocessing = 0;
		};
		5C73D5C423DA2F39000DDE85 /* Resources */ = {
			isa = PBXResourcesBuildPhase;
			buildActionMask = 2147483647;
			files = (
			);
			runOnlyForDeploymentPostprocessing = 0;
		};
/* End PBXResourcesBuildPhase section */

/* Begin PBXShellScriptBuildPhase section */
		2D6215EABFAC3D1213518D0F /* [CP] Embed Pods Frameworks */ = {
			isa = PBXShellScriptBuildPhase;
			buildActionMask = 2147483647;
			files = (
			);
			inputFileListPaths = (
				"${PODS_ROOT}/Target Support Files/Pods-Marvel/Pods-Marvel-frameworks-${CONFIGURATION}-input-files.xcfilelist",
			);
			name = "[CP] Embed Pods Frameworks";
			outputFileListPaths = (
				"${PODS_ROOT}/Target Support Files/Pods-Marvel/Pods-Marvel-frameworks-${CONFIGURATION}-output-files.xcfilelist",
			);
			runOnlyForDeploymentPostprocessing = 0;
			shellPath = /bin/sh;
			shellScript = "\"${PODS_ROOT}/Target Support Files/Pods-Marvel/Pods-Marvel-frameworks.sh\"\n";
			showEnvVarsInLog = 0;
		};
		88D71CB74342F71827FF8384 /* [CP] Check Pods Manifest.lock */ = {
			isa = PBXShellScriptBuildPhase;
			buildActionMask = 2147483647;
			files = (
			);
			inputFileListPaths = (
			);
			inputPaths = (
				"${PODS_PODFILE_DIR_PATH}/Podfile.lock",
				"${PODS_ROOT}/Manifest.lock",
			);
			name = "[CP] Check Pods Manifest.lock";
			outputFileListPaths = (
			);
			outputPaths = (
				"$(DERIVED_FILE_DIR)/Pods-MarvelUITests-checkManifestLockResult.txt",
			);
			runOnlyForDeploymentPostprocessing = 0;
			shellPath = /bin/sh;
			shellScript = "diff \"${PODS_PODFILE_DIR_PATH}/Podfile.lock\" \"${PODS_ROOT}/Manifest.lock\" > /dev/null\nif [ $? != 0 ] ; then\n    # print error to STDERR\n    echo \"error: The sandbox is not in sync with the Podfile.lock. Run 'pod install' or update your CocoaPods installation.\" >&2\n    exit 1\nfi\n# This output is used by Xcode 'outputs' to avoid re-running this script phase.\necho \"SUCCESS\" > \"${SCRIPT_OUTPUT_FILE_0}\"\n";
			showEnvVarsInLog = 0;
		};
		8EDFFFB7B68E0F994C6328F4 /* [CP] Check Pods Manifest.lock */ = {
			isa = PBXShellScriptBuildPhase;
			buildActionMask = 2147483647;
			files = (
			);
			inputFileListPaths = (
			);
			inputPaths = (
				"${PODS_PODFILE_DIR_PATH}/Podfile.lock",
				"${PODS_ROOT}/Manifest.lock",
			);
			name = "[CP] Check Pods Manifest.lock";
			outputFileListPaths = (
			);
			outputPaths = (
				"$(DERIVED_FILE_DIR)/Pods-Marvel-checkManifestLockResult.txt",
			);
			runOnlyForDeploymentPostprocessing = 0;
			shellPath = /bin/sh;
			shellScript = "diff \"${PODS_PODFILE_DIR_PATH}/Podfile.lock\" \"${PODS_ROOT}/Manifest.lock\" > /dev/null\nif [ $? != 0 ] ; then\n    # print error to STDERR\n    echo \"error: The sandbox is not in sync with the Podfile.lock. Run 'pod install' or update your CocoaPods installation.\" >&2\n    exit 1\nfi\n# This output is used by Xcode 'outputs' to avoid re-running this script phase.\necho \"SUCCESS\" > \"${SCRIPT_OUTPUT_FILE_0}\"\n";
			showEnvVarsInLog = 0;
		};
		F89D1266200886566BF280BB /* [CP] Check Pods Manifest.lock */ = {
			isa = PBXShellScriptBuildPhase;
			buildActionMask = 2147483647;
			files = (
			);
			inputFileListPaths = (
			);
			inputPaths = (
				"${PODS_PODFILE_DIR_PATH}/Podfile.lock",
				"${PODS_ROOT}/Manifest.lock",
			);
			name = "[CP] Check Pods Manifest.lock";
			outputFileListPaths = (
			);
			outputPaths = (
				"$(DERIVED_FILE_DIR)/Pods-MarvelTests-checkManifestLockResult.txt",
			);
			runOnlyForDeploymentPostprocessing = 0;
			shellPath = /bin/sh;
			shellScript = "diff \"${PODS_PODFILE_DIR_PATH}/Podfile.lock\" \"${PODS_ROOT}/Manifest.lock\" > /dev/null\nif [ $? != 0 ] ; then\n    # print error to STDERR\n    echo \"error: The sandbox is not in sync with the Podfile.lock. Run 'pod install' or update your CocoaPods installation.\" >&2\n    exit 1\nfi\n# This output is used by Xcode 'outputs' to avoid re-running this script phase.\necho \"SUCCESS\" > \"${SCRIPT_OUTPUT_FILE_0}\"\n";
			showEnvVarsInLog = 0;
		};
/* End PBXShellScriptBuildPhase section */

/* Begin PBXSourcesBuildPhase section */
		5C73D59E23DA2F38000DDE85 /* Sources */ = {
			isa = PBXSourcesBuildPhase;
			buildActionMask = 2147483647;
			files = (
				E9DFDEB4253A240A0091A7D0 /* AssemblyFactory.swift in Sources */,
				E9F2324725617D3D00B06E0B /* RandomAccessCollection+.swift in Sources */,
				5C73D5A623DA2F39000DDE85 /* AppDelegate.swift in Sources */,
				5C73D5AD23DA2F39000DDE85 /* HomeView.swift in Sources */,
				E9CAB618253ACDDC003C393D /* CharacterItemView.swift in Sources */,
				E9F2324E25619E3900B06E0B /* CharactersCarouselView.swift in Sources */,
				E97BA88D2545F4C8000C5FB1 /* SpinnerView.swift in Sources */,
				E9DFDEB7253A240A0091A7D0 /* NetworkRepositoryAssembly.swift in Sources */,
				E9DFDEAE253A240A0091A7D0 /* CoreDataRepositoryAssembly.swift in Sources */,
				E9DFDEB1253A240A0091A7D0 /* URLRequestConstructorAssembly.swift in Sources */,
				E9CAB638253AD5C1003C393D /* LoadImageView.swift in Sources */,
				E9DFDEBA253A240A0091A7D0 /* UseCaseAssembly.swift in Sources */,
				5C73D5A823DA2F39000DDE85 /* SceneDelegate.swift in Sources */,
			);
			runOnlyForDeploymentPostprocessing = 0;
		};
		5C73D5B723DA2F39000DDE85 /* Sources */ = {
			isa = PBXSourcesBuildPhase;
			buildActionMask = 2147483647;
			files = (
				E9DFDEB5253A240A0091A7D0 /* AssemblyFactory.swift in Sources */,
				E9DFDEBB253A240A0091A7D0 /* UseCaseAssembly.swift in Sources */,
				E9DFDEB8253A240A0091A7D0 /* NetworkRepositoryAssembly.swift in Sources */,
				E9CAB652253ADD48003C393D /* CharacterItemView.swift in Sources */,
				E9DFDEAF253A240A0091A7D0 /* CoreDataRepositoryAssembly.swift in Sources */,
				E9CAB639253AD5C1003C393D /* LoadImageView.swift in Sources */,
				E9DFDEB2253A240A0091A7D0 /* URLRequestConstructorAssembly.swift in Sources */,
				5C73D5C023DA2F39000DDE85 /* MarvelTests.swift in Sources */,
			);
			runOnlyForDeploymentPostprocessing = 0;
		};
		5C73D5C223DA2F39000DDE85 /* Sources */ = {
			isa = PBXSourcesBuildPhase;
			buildActionMask = 2147483647;
			files = (
				E9DFDEB6253A240A0091A7D0 /* AssemblyFactory.swift in Sources */,
				E9DFDEBC253A240A0091A7D0 /* UseCaseAssembly.swift in Sources */,
				E9DFDEB9253A240A0091A7D0 /* NetworkRepositoryAssembly.swift in Sources */,
				E9CAB655253ADD48003C393D /* CharacterItemView.swift in Sources */,
				E9DFDEB0253A240A0091A7D0 /* CoreDataRepositoryAssembly.swift in Sources */,
				E9CAB63A253AD5C1003C393D /* LoadImageView.swift in Sources */,
				E9DFDEB3253A240A0091A7D0 /* URLRequestConstructorAssembly.swift in Sources */,
				5C73D5CB23DA2F39000DDE85 /* MarvelUITests.swift in Sources */,
			);
			runOnlyForDeploymentPostprocessing = 0;
		};
/* End PBXSourcesBuildPhase section */

/* Begin PBXTargetDependency section */
		5C73D5BD23DA2F39000DDE85 /* PBXTargetDependency */ = {
			isa = PBXTargetDependency;
			target = 5C73D5A123DA2F38000DDE85 /* Marvel */;
			targetProxy = 5C73D5BC23DA2F39000DDE85 /* PBXContainerItemProxy */;
		};
		5C73D5C823DA2F39000DDE85 /* PBXTargetDependency */ = {
			isa = PBXTargetDependency;
			target = 5C73D5A123DA2F38000DDE85 /* Marvel */;
			targetProxy = 5C73D5C723DA2F39000DDE85 /* PBXContainerItemProxy */;
		};
/* End PBXTargetDependency section */

/* Begin PBXVariantGroup section */
		5C73D5B323DA2F39000DDE85 /* LaunchScreen.storyboard */ = {
			isa = PBXVariantGroup;
			children = (
				5C73D5B423DA2F39000DDE85 /* Base */,
			);
			name = LaunchScreen.storyboard;
			sourceTree = "<group>";
		};
/* End PBXVariantGroup section */

/* Begin XCBuildConfiguration section */
		5C73D5CD23DA2F39000DDE85 /* Debug */ = {
			isa = XCBuildConfiguration;
			baseConfigurationReference = 5C63DFC823EF22A700B61C8D /* DEV.xcconfig */;
			buildSettings = {
				ALWAYS_SEARCH_USER_PATHS = NO;
				CLANG_ANALYZER_NONNULL = YES;
				CLANG_ANALYZER_NUMBER_OBJECT_CONVERSION = YES_AGGRESSIVE;
				CLANG_CXX_LANGUAGE_STANDARD = "gnu++14";
				CLANG_CXX_LIBRARY = "libc++";
				CLANG_ENABLE_MODULES = YES;
				CLANG_ENABLE_OBJC_ARC = YES;
				CLANG_ENABLE_OBJC_WEAK = YES;
				CLANG_WARN_BLOCK_CAPTURE_AUTORELEASING = YES;
				CLANG_WARN_BOOL_CONVERSION = YES;
				CLANG_WARN_COMMA = YES;
				CLANG_WARN_CONSTANT_CONVERSION = YES;
				CLANG_WARN_DEPRECATED_OBJC_IMPLEMENTATIONS = YES;
				CLANG_WARN_DIRECT_OBJC_ISA_USAGE = YES_ERROR;
				CLANG_WARN_DOCUMENTATION_COMMENTS = YES;
				CLANG_WARN_EMPTY_BODY = YES;
				CLANG_WARN_ENUM_CONVERSION = YES;
				CLANG_WARN_INFINITE_RECURSION = YES;
				CLANG_WARN_INT_CONVERSION = YES;
				CLANG_WARN_NON_LITERAL_NULL_CONVERSION = YES;
				CLANG_WARN_OBJC_IMPLICIT_RETAIN_SELF = YES;
				CLANG_WARN_OBJC_LITERAL_CONVERSION = YES;
				CLANG_WARN_OBJC_ROOT_CLASS = YES_ERROR;
				CLANG_WARN_QUOTED_INCLUDE_IN_FRAMEWORK_HEADER = YES;
				CLANG_WARN_RANGE_LOOP_ANALYSIS = YES;
				CLANG_WARN_STRICT_PROTOTYPES = YES;
				CLANG_WARN_SUSPICIOUS_MOVE = YES;
				CLANG_WARN_UNGUARDED_AVAILABILITY = YES_AGGRESSIVE;
				CLANG_WARN_UNREACHABLE_CODE = YES;
				CLANG_WARN__DUPLICATE_METHOD_MATCH = YES;
				COPY_PHASE_STRIP = NO;
				DEBUG_INFORMATION_FORMAT = dwarf;
				ENABLE_STRICT_OBJC_MSGSEND = YES;
				ENABLE_TESTABILITY = YES;
				GCC_C_LANGUAGE_STANDARD = gnu11;
				GCC_DYNAMIC_NO_PIC = NO;
				GCC_NO_COMMON_BLOCKS = YES;
				GCC_OPTIMIZATION_LEVEL = 0;
				GCC_PREPROCESSOR_DEFINITIONS = (
					"DEBUG=1",
					"$(inherited)",
				);
				GCC_WARN_64_TO_32_BIT_CONVERSION = YES;
				GCC_WARN_ABOUT_RETURN_TYPE = YES_ERROR;
				GCC_WARN_UNDECLARED_SELECTOR = YES;
				GCC_WARN_UNINITIALIZED_AUTOS = YES_AGGRESSIVE;
				GCC_WARN_UNUSED_FUNCTION = YES;
				GCC_WARN_UNUSED_VARIABLE = YES;
				IPHONEOS_DEPLOYMENT_TARGET = 14.0;
				MTL_ENABLE_DEBUG_INFO = INCLUDE_SOURCE;
				MTL_FAST_MATH = YES;
				ONLY_ACTIVE_ARCH = YES;
				SDKROOT = iphoneos;
				SWIFT_ACTIVE_COMPILATION_CONDITIONS = DEBUG;
				SWIFT_OPTIMIZATION_LEVEL = "-Onone";
			};
			name = Debug;
		};
		5C73D5CE23DA2F39000DDE85 /* Release */ = {
			isa = XCBuildConfiguration;
			buildSettings = {
				ALWAYS_SEARCH_USER_PATHS = NO;
				CLANG_ANALYZER_NONNULL = YES;
				CLANG_ANALYZER_NUMBER_OBJECT_CONVERSION = YES_AGGRESSIVE;
				CLANG_CXX_LANGUAGE_STANDARD = "gnu++14";
				CLANG_CXX_LIBRARY = "libc++";
				CLANG_ENABLE_MODULES = YES;
				CLANG_ENABLE_OBJC_ARC = YES;
				CLANG_ENABLE_OBJC_WEAK = YES;
				CLANG_WARN_BLOCK_CAPTURE_AUTORELEASING = YES;
				CLANG_WARN_BOOL_CONVERSION = YES;
				CLANG_WARN_COMMA = YES;
				CLANG_WARN_CONSTANT_CONVERSION = YES;
				CLANG_WARN_DEPRECATED_OBJC_IMPLEMENTATIONS = YES;
				CLANG_WARN_DIRECT_OBJC_ISA_USAGE = YES_ERROR;
				CLANG_WARN_DOCUMENTATION_COMMENTS = YES;
				CLANG_WARN_EMPTY_BODY = YES;
				CLANG_WARN_ENUM_CONVERSION = YES;
				CLANG_WARN_INFINITE_RECURSION = YES;
				CLANG_WARN_INT_CONVERSION = YES;
				CLANG_WARN_NON_LITERAL_NULL_CONVERSION = YES;
				CLANG_WARN_OBJC_IMPLICIT_RETAIN_SELF = YES;
				CLANG_WARN_OBJC_LITERAL_CONVERSION = YES;
				CLANG_WARN_OBJC_ROOT_CLASS = YES_ERROR;
				CLANG_WARN_QUOTED_INCLUDE_IN_FRAMEWORK_HEADER = YES;
				CLANG_WARN_RANGE_LOOP_ANALYSIS = YES;
				CLANG_WARN_STRICT_PROTOTYPES = YES;
				CLANG_WARN_SUSPICIOUS_MOVE = YES;
				CLANG_WARN_UNGUARDED_AVAILABILITY = YES_AGGRESSIVE;
				CLANG_WARN_UNREACHABLE_CODE = YES;
				CLANG_WARN__DUPLICATE_METHOD_MATCH = YES;
				COPY_PHASE_STRIP = NO;
				DEBUG_INFORMATION_FORMAT = "dwarf-with-dsym";
				ENABLE_NS_ASSERTIONS = NO;
				ENABLE_STRICT_OBJC_MSGSEND = YES;
				GCC_C_LANGUAGE_STANDARD = gnu11;
				GCC_NO_COMMON_BLOCKS = YES;
				GCC_WARN_64_TO_32_BIT_CONVERSION = YES;
				GCC_WARN_ABOUT_RETURN_TYPE = YES_ERROR;
				GCC_WARN_UNDECLARED_SELECTOR = YES;
				GCC_WARN_UNINITIALIZED_AUTOS = YES_AGGRESSIVE;
				GCC_WARN_UNUSED_FUNCTION = YES;
				GCC_WARN_UNUSED_VARIABLE = YES;
				IPHONEOS_DEPLOYMENT_TARGET = 14.0;
				MTL_ENABLE_DEBUG_INFO = NO;
				MTL_FAST_MATH = YES;
				SDKROOT = iphoneos;
				SWIFT_COMPILATION_MODE = wholemodule;
				SWIFT_OPTIMIZATION_LEVEL = "-O";
				VALIDATE_PRODUCT = YES;
			};
			name = Release;
		};
		5C73D5D023DA2F39000DDE85 /* Debug */ = {
			isa = XCBuildConfiguration;
			baseConfigurationReference = C04710BCFE79166B0D541581 /* Pods-Marvel.debug.xcconfig */;
			buildSettings = {
				ASSETCATALOG_COMPILER_APPICON_NAME = AppIcon;
				CODE_SIGN_STYLE = Automatic;
				DEVELOPMENT_ASSET_PATHS = "\"Marvel/Preview Content\"";
				ENABLE_PREVIEWS = YES;
				INFOPLIST_FILE = Marvel/Info.plist;
				LD_RUNPATH_SEARCH_PATHS = (
					"$(inherited)",
					"@executable_path/Frameworks",
				);
				PRODUCT_BUNDLE_IDENTIFIER = com.MaksimKazachkov.Marvel;
				PRODUCT_NAME = "$(TARGET_NAME)";
				SWIFT_VERSION = 5.0;
				TARGETED_DEVICE_FAMILY = "1,2";
			};
			name = Debug;
		};
		5C73D5D123DA2F39000DDE85 /* Release */ = {
			isa = XCBuildConfiguration;
			baseConfigurationReference = 32F3E86A6C53C12094D9A61F /* Pods-Marvel.release.xcconfig */;
			buildSettings = {
				ASSETCATALOG_COMPILER_APPICON_NAME = AppIcon;
				CODE_SIGN_STYLE = Automatic;
				DEVELOPMENT_ASSET_PATHS = "\"Marvel/Preview Content\"";
				ENABLE_PREVIEWS = YES;
				INFOPLIST_FILE = Marvel/Info.plist;
				LD_RUNPATH_SEARCH_PATHS = (
					"$(inherited)",
					"@executable_path/Frameworks",
				);
				PRODUCT_BUNDLE_IDENTIFIER = com.MaksimKazachkov.Marvel;
				PRODUCT_NAME = "$(TARGET_NAME)";
				SWIFT_VERSION = 5.0;
				TARGETED_DEVICE_FAMILY = "1,2";
			};
			name = Release;
		};
		5C73D5D323DA2F39000DDE85 /* Debug */ = {
			isa = XCBuildConfiguration;
			baseConfigurationReference = 05DD4214F4B8AB34A675F17F /* Pods-MarvelTests.debug.xcconfig */;
			buildSettings = {
				ALWAYS_EMBED_SWIFT_STANDARD_LIBRARIES = YES;
				BUNDLE_LOADER = "$(TEST_HOST)";
				CODE_SIGN_STYLE = Automatic;
				INFOPLIST_FILE = MarvelTests/Info.plist;
				IPHONEOS_DEPLOYMENT_TARGET = 13.2;
				LD_RUNPATH_SEARCH_PATHS = (
					"$(inherited)",
					"@executable_path/Frameworks",
					"@loader_path/Frameworks",
				);
				PRODUCT_BUNDLE_IDENTIFIER = com.MaksimKazachkov.MarvelTests;
				PRODUCT_NAME = "$(TARGET_NAME)";
				SWIFT_VERSION = 5.0;
				TARGETED_DEVICE_FAMILY = "1,2";
				TEST_HOST = "$(BUILT_PRODUCTS_DIR)/Marvel.app/Marvel";
			};
			name = Debug;
		};
		5C73D5D423DA2F39000DDE85 /* Release */ = {
			isa = XCBuildConfiguration;
			baseConfigurationReference = 3F28915E181CC377440EBEF8 /* Pods-MarvelTests.release.xcconfig */;
			buildSettings = {
				ALWAYS_EMBED_SWIFT_STANDARD_LIBRARIES = YES;
				BUNDLE_LOADER = "$(TEST_HOST)";
				CODE_SIGN_STYLE = Automatic;
				INFOPLIST_FILE = MarvelTests/Info.plist;
				IPHONEOS_DEPLOYMENT_TARGET = 13.2;
				LD_RUNPATH_SEARCH_PATHS = (
					"$(inherited)",
					"@executable_path/Frameworks",
					"@loader_path/Frameworks",
				);
				PRODUCT_BUNDLE_IDENTIFIER = com.MaksimKazachkov.MarvelTests;
				PRODUCT_NAME = "$(TARGET_NAME)";
				SWIFT_VERSION = 5.0;
				TARGETED_DEVICE_FAMILY = "1,2";
				TEST_HOST = "$(BUILT_PRODUCTS_DIR)/Marvel.app/Marvel";
			};
			name = Release;
		};
		5C73D5D623DA2F39000DDE85 /* Debug */ = {
			isa = XCBuildConfiguration;
			baseConfigurationReference = 98518F4EA0E301FD0F14EE1E /* Pods-MarvelUITests.debug.xcconfig */;
			buildSettings = {
				ALWAYS_EMBED_SWIFT_STANDARD_LIBRARIES = YES;
				CODE_SIGN_STYLE = Automatic;
				INFOPLIST_FILE = MarvelUITests/Info.plist;
				LD_RUNPATH_SEARCH_PATHS = (
					"$(inherited)",
					"@executable_path/Frameworks",
					"@loader_path/Frameworks",
				);
				PRODUCT_BUNDLE_IDENTIFIER = com.MaksimKazachkov.MarvelUITests;
				PRODUCT_NAME = "$(TARGET_NAME)";
				SWIFT_VERSION = 5.0;
				TARGETED_DEVICE_FAMILY = "1,2";
				TEST_TARGET_NAME = Marvel;
			};
			name = Debug;
		};
		5C73D5D723DA2F39000DDE85 /* Release */ = {
			isa = XCBuildConfiguration;
			baseConfigurationReference = 81B45ABCF0CA0966EA180032 /* Pods-MarvelUITests.release.xcconfig */;
			buildSettings = {
				ALWAYS_EMBED_SWIFT_STANDARD_LIBRARIES = YES;
				CODE_SIGN_STYLE = Automatic;
				INFOPLIST_FILE = MarvelUITests/Info.plist;
				LD_RUNPATH_SEARCH_PATHS = (
					"$(inherited)",
					"@executable_path/Frameworks",
					"@loader_path/Frameworks",
				);
				PRODUCT_BUNDLE_IDENTIFIER = com.MaksimKazachkov.MarvelUITests;
				PRODUCT_NAME = "$(TARGET_NAME)";
				SWIFT_VERSION = 5.0;
				TARGETED_DEVICE_FAMILY = "1,2";
				TEST_TARGET_NAME = Marvel;
			};
			name = Release;
		};
/* End XCBuildConfiguration section */

/* Begin XCConfigurationList section */
		5C73D59D23DA2F38000DDE85 /* Build configuration list for PBXProject "Marvel" */ = {
			isa = XCConfigurationList;
			buildConfigurations = (
				5C73D5CD23DA2F39000DDE85 /* Debug */,
				5C73D5CE23DA2F39000DDE85 /* Release */,
			);
			defaultConfigurationIsVisible = 0;
			defaultConfigurationName = Release;
		};
		5C73D5CF23DA2F39000DDE85 /* Build configuration list for PBXNativeTarget "Marvel" */ = {
			isa = XCConfigurationList;
			buildConfigurations = (
				5C73D5D023DA2F39000DDE85 /* Debug */,
				5C73D5D123DA2F39000DDE85 /* Release */,
			);
			defaultConfigurationIsVisible = 0;
			defaultConfigurationName = Release;
		};
		5C73D5D223DA2F39000DDE85 /* Build configuration list for PBXNativeTarget "MarvelTests" */ = {
			isa = XCConfigurationList;
			buildConfigurations = (
				5C73D5D323DA2F39000DDE85 /* Debug */,
				5C73D5D423DA2F39000DDE85 /* Release */,
			);
			defaultConfigurationIsVisible = 0;
			defaultConfigurationName = Release;
		};
		5C73D5D523DA2F39000DDE85 /* Build configuration list for PBXNativeTarget "MarvelUITests" */ = {
			isa = XCConfigurationList;
			buildConfigurations = (
				5C73D5D623DA2F39000DDE85 /* Debug */,
				5C73D5D723DA2F39000DDE85 /* Release */,
			);
			defaultConfigurationIsVisible = 0;
			defaultConfigurationName = Release;
		};
/* End XCConfigurationList section */
	};
	rootObject = 5C73D59A23DA2F38000DDE85 /* Project object */;
}
