// !$*UTF8*$!
{
	archiveVersion = 1;
	classes = {
	};
	objectVersion = 50;
	objects = {

/* Begin PBXBuildFile section */
		5C44891B23DA4795001F310F /* SHA256Encryptor.swift in Sources */ = {isa = PBXBuildFile; fileRef = 5C44891A23DA4795001F310F /* SHA256Encryptor.swift */; };
		5C44891D23DA4AD0001F310F /* Client.swift in Sources */ = {isa = PBXBuildFile; fileRef = 5C44891C23DA4AD0001F310F /* Client.swift */; };
		5C73D5EC23DA2F6A000DDE85 /* MarvelApi.framework in Frameworks */ = {isa = PBXBuildFile; fileRef = 5C73D5E223DA2F69000DDE85 /* MarvelApi.framework */; };
		5C73D5F123DA2F6A000DDE85 /* MarvelApiTests.swift in Sources */ = {isa = PBXBuildFile; fileRef = 5C73D5F023DA2F6A000DDE85 /* MarvelApiTests.swift */; };
		5C73D5F323DA2F6A000DDE85 /* MarvelApi.h in Headers */ = {isa = PBXBuildFile; fileRef = 5C73D5E523DA2F69000DDE85 /* MarvelApi.h */; settings = {ATTRIBUTES = (Public, ); }; };
		5C8E0BAB23DC91E600E333F6 /* Credentials.swift in Sources */ = {isa = PBXBuildFile; fileRef = 5C8E0BAA23DC91E600E333F6 /* Credentials.swift */; };
		5C8E0BD623DC92DF00E333F6 /* Network.framework in Frameworks */ = {isa = PBXBuildFile; fileRef = 5C8E0BD523DC92DF00E333F6 /* Network.framework */; };
		5C8E0BD723DC92DF00E333F6 /* Network.framework in Embed Frameworks */ = {isa = PBXBuildFile; fileRef = 5C8E0BD523DC92DF00E333F6 /* Network.framework */; settings = {ATTRIBUTES = (CodeSignOnCopy, RemoveHeadersOnCopy, ); }; };
/* End PBXBuildFile section */

/* Begin PBXContainerItemProxy section */
		5C73D5ED23DA2F6A000DDE85 /* PBXContainerItemProxy */ = {
			isa = PBXContainerItemProxy;
			containerPortal = 5C73D5D923DA2F69000DDE85 /* Project object */;
			proxyType = 1;
			remoteGlobalIDString = 5C73D5E123DA2F69000DDE85;
			remoteInfo = MarvelApi;
		};
/* End PBXContainerItemProxy section */

/* Begin PBXCopyFilesBuildPhase section */
		5C8E0BD823DC92DF00E333F6 /* Embed Frameworks */ = {
			isa = PBXCopyFilesBuildPhase;
			buildActionMask = 2147483647;
			dstPath = "";
			dstSubfolderSpec = 10;
			files = (
				5C8E0BD723DC92DF00E333F6 /* Network.framework in Embed Frameworks */,
			);
			name = "Embed Frameworks";
			runOnlyForDeploymentPostprocessing = 0;
		};
/* End PBXCopyFilesBuildPhase section */

/* Begin PBXFileReference section */
		5C44891A23DA4795001F310F /* SHA256Encryptor.swift */ = {isa = PBXFileReference; lastKnownFileType = sourcecode.swift; path = SHA256Encryptor.swift; sourceTree = "<group>"; };
		5C44891C23DA4AD0001F310F /* Client.swift */ = {isa = PBXFileReference; lastKnownFileType = sourcecode.swift; path = Client.swift; sourceTree = "<group>"; };
		5C73D5E223DA2F69000DDE85 /* MarvelApi.framework */ = {isa = PBXFileReference; explicitFileType = wrapper.framework; includeInIndex = 0; path = MarvelApi.framework; sourceTree = BUILT_PRODUCTS_DIR; };
		5C73D5E523DA2F69000DDE85 /* MarvelApi.h */ = {isa = PBXFileReference; lastKnownFileType = sourcecode.c.h; path = MarvelApi.h; sourceTree = "<group>"; };
		5C73D5E623DA2F69000DDE85 /* Info.plist */ = {isa = PBXFileReference; lastKnownFileType = text.plist.xml; path = Info.plist; sourceTree = "<group>"; };
		5C73D5EB23DA2F6A000DDE85 /* MarvelApiTests.xctest */ = {isa = PBXFileReference; explicitFileType = wrapper.cfbundle; includeInIndex = 0; path = MarvelApiTests.xctest; sourceTree = BUILT_PRODUCTS_DIR; };
		5C73D5F023DA2F6A000DDE85 /* MarvelApiTests.swift */ = {isa = PBXFileReference; lastKnownFileType = sourcecode.swift; path = MarvelApiTests.swift; sourceTree = "<group>"; };
		5C73D5F223DA2F6A000DDE85 /* Info.plist */ = {isa = PBXFileReference; lastKnownFileType = text.plist.xml; path = Info.plist; sourceTree = "<group>"; };
		5C8E0BAA23DC91E600E333F6 /* Credentials.swift */ = {isa = PBXFileReference; lastKnownFileType = sourcecode.swift; path = Credentials.swift; sourceTree = "<group>"; };
		5C8E0BD523DC92DF00E333F6 /* Network.framework */ = {isa = PBXFileReference; explicitFileType = wrapper.framework; path = Network.framework; sourceTree = BUILT_PRODUCTS_DIR; };
/* End PBXFileReference section */

/* Begin PBXFrameworksBuildPhase section */
		5C73D5DF23DA2F69000DDE85 /* Frameworks */ = {
			isa = PBXFrameworksBuildPhase;
			buildActionMask = 2147483647;
			files = (
				5C8E0BD623DC92DF00E333F6 /* Network.framework in Frameworks */,
			);
			runOnlyForDeploymentPostprocessing = 0;
		};
		5C73D5E823DA2F6A000DDE85 /* Frameworks */ = {
			isa = PBXFrameworksBuildPhase;
			buildActionMask = 2147483647;
			files = (
				5C73D5EC23DA2F6A000DDE85 /* MarvelApi.framework in Frameworks */,
			);
			runOnlyForDeploymentPostprocessing = 0;
		};
/* End PBXFrameworksBuildPhase section */

/* Begin PBXGroup section */
		5C73D5D823DA2F69000DDE85 = {
			isa = PBXGroup;
			children = (
				5C73D5E423DA2F69000DDE85 /* MarvelApi */,
				5C73D5EF23DA2F6A000DDE85 /* MarvelApiTests */,
				5C73D5E323DA2F69000DDE85 /* Products */,
				5C8E0BD423DC92DF00E333F6 /* Frameworks */,
			);
			sourceTree = "<group>";
		};
		5C73D5E323DA2F69000DDE85 /* Products */ = {
			isa = PBXGroup;
			children = (
				5C73D5E223DA2F69000DDE85 /* MarvelApi.framework */,
				5C73D5EB23DA2F6A000DDE85 /* MarvelApiTests.xctest */,
			);
			name = Products;
			sourceTree = "<group>";
		};
		5C73D5E423DA2F69000DDE85 /* MarvelApi */ = {
			isa = PBXGroup;
			children = (
				5C73D5E523DA2F69000DDE85 /* MarvelApi.h */,
				5C73D5E623DA2F69000DDE85 /* Info.plist */,
				5C44891C23DA4AD0001F310F /* Client.swift */,
				5C8E0BAA23DC91E600E333F6 /* Credentials.swift */,
				5C8E0BE823DCAF8D00E333F6 /* Routes */,
				5C8E0BDF23DC94C100E333F6 /* Utilities */,
			);
			path = MarvelApi;
			sourceTree = "<group>";
		};
		5C73D5EF23DA2F6A000DDE85 /* MarvelApiTests */ = {
			isa = PBXGroup;
			children = (
				5C73D5F023DA2F6A000DDE85 /* MarvelApiTests.swift */,
				5C73D5F223DA2F6A000DDE85 /* Info.plist */,
			);
			path = MarvelApiTests;
			sourceTree = "<group>";
		};
		5C8E0BD423DC92DF00E333F6 /* Frameworks */ = {
			isa = PBXGroup;
			children = (
				5C8E0BD523DC92DF00E333F6 /* Network.framework */,
			);
			name = Frameworks;
			sourceTree = "<group>";
		};
		5C8E0BDF23DC94C100E333F6 /* Utilities */ = {
			isa = PBXGroup;
			children = (
				5C44891A23DA4795001F310F /* SHA256Encryptor.swift */,
			);
			path = Utilities;
			sourceTree = "<group>";
		};
		5C8E0BE823DCAF8D00E333F6 /* Routes */ = {
			isa = PBXGroup;
			children = (
			);
			path = Routes;
			sourceTree = "<group>";
		};
/* End PBXGroup section */

/* Begin PBXHeadersBuildPhase section */
		5C73D5DD23DA2F69000DDE85 /* Headers */ = {
			isa = PBXHeadersBuildPhase;
			buildActionMask = 2147483647;
			files = (
				5C73D5F323DA2F6A000DDE85 /* MarvelApi.h in Headers */,
			);
			runOnlyForDeploymentPostprocessing = 0;
		};
/* End PBXHeadersBuildPhase section */

/* Begin PBXNativeTarget section */
		5C73D5E123DA2F69000DDE85 /* MarvelApi */ = {
			isa = PBXNativeTarget;
			buildConfigurationList = 5C73D5F623DA2F6A000DDE85 /* Build configuration list for PBXNativeTarget "MarvelApi" */;
			buildPhases = (
				5C73D5DD23DA2F69000DDE85 /* Headers */,
				5C73D5DE23DA2F69000DDE85 /* Sources */,
				5C73D5DF23DA2F69000DDE85 /* Frameworks */,
				5C73D5E023DA2F69000DDE85 /* Resources */,
				5C8E0BD823DC92DF00E333F6 /* Embed Frameworks */,
			);
			buildRules = (
			);
			dependencies = (
			);
			name = MarvelApi;
			productName = MarvelApi;
			productReference = 5C73D5E223DA2F69000DDE85 /* MarvelApi.framework */;
			productType = "com.apple.product-type.framework";
		};
		5C73D5EA23DA2F6A000DDE85 /* MarvelApiTests */ = {
			isa = PBXNativeTarget;
			buildConfigurationList = 5C73D5F923DA2F6A000DDE85 /* Build configuration list for PBXNativeTarget "MarvelApiTests" */;
			buildPhases = (
				5C73D5E723DA2F6A000DDE85 /* Sources */,
				5C73D5E823DA2F6A000DDE85 /* Frameworks */,
				5C73D5E923DA2F6A000DDE85 /* Resources */,
			);
			buildRules = (
			);
			dependencies = (
				5C73D5EE23DA2F6A000DDE85 /* PBXTargetDependency */,
			);
			name = MarvelApiTests;
			productName = MarvelApiTests;
			productReference = 5C73D5EB23DA2F6A000DDE85 /* MarvelApiTests.xctest */;
			productType = "com.apple.product-type.bundle.unit-test";
		};
/* End PBXNativeTarget section */

/* Begin PBXProject section */
		5C73D5D923DA2F69000DDE85 /* Project object */ = {
			isa = PBXProject;
			attributes = {
				LastSwiftUpdateCheck = 1130;
				LastUpgradeCheck = 1130;
				ORGANIZATIONNAME = "Maksim Kazachkov";
				TargetAttributes = {
					5C73D5E123DA2F69000DDE85 = {
						CreatedOnToolsVersion = 11.3;
						LastSwiftMigration = 1130;
					};
					5C73D5EA23DA2F6A000DDE85 = {
						CreatedOnToolsVersion = 11.3;
					};
				};
			};
			buildConfigurationList = 5C73D5DC23DA2F69000DDE85 /* Build configuration list for PBXProject "MarvelApi" */;
			compatibilityVersion = "Xcode 9.3";
			developmentRegion = en;
			hasScannedForEncodings = 0;
			knownRegions = (
				en,
				Base,
			);
			mainGroup = 5C73D5D823DA2F69000DDE85;
			productRefGroup = 5C73D5E323DA2F69000DDE85 /* Products */;
			projectDirPath = "";
			projectRoot = "";
			targets = (
				5C73D5E123DA2F69000DDE85 /* MarvelApi */,
				5C73D5EA23DA2F6A000DDE85 /* MarvelApiTests */,
			);
		};
/* End PBXProject section */

/* Begin PBXResourcesBuildPhase section */
		5C73D5E023DA2F69000DDE85 /* Resources */ = {
			isa = PBXResourcesBuildPhase;
			buildActionMask = 2147483647;
			files = (
			);
			runOnlyForDeploymentPostprocessing = 0;
		};
		5C73D5E923DA2F6A000DDE85 /* Resources */ = {
			isa = PBXResourcesBuildPhase;
			buildActionMask = 2147483647;
			files = (
			);
			runOnlyForDeploymentPostprocessing = 0;
		};
/* End PBXResourcesBuildPhase section */

/* Begin PBXSourcesBuildPhase section */
		5C73D5DE23DA2F69000DDE85 /* Sources */ = {
			isa = PBXSourcesBuildPhase;
			buildActionMask = 2147483647;
			files = (
				5C44891B23DA4795001F310F /* SHA256Encryptor.swift in Sources */,
				5C8E0BAB23DC91E600E333F6 /* Credentials.swift in Sources */,
				5C44891D23DA4AD0001F310F /* Client.swift in Sources */,
			);
			runOnlyForDeploymentPostprocessing = 0;
		};
		5C73D5E723DA2F6A000DDE85 /* Sources */ = {
			isa = PBXSourcesBuildPhase;
			buildActionMask = 2147483647;
			files = (
				5C73D5F123DA2F6A000DDE85 /* MarvelApiTests.swift in Sources */,
			);
			runOnlyForDeploymentPostprocessing = 0;
		};
/* End PBXSourcesBuildPhase section */

/* Begin PBXTargetDependency section */
		5C73D5EE23DA2F6A000DDE85 /* PBXTargetDependency */ = {
			isa = PBXTargetDependency;
			target = 5C73D5E123DA2F69000DDE85 /* MarvelApi */;
			targetProxy = 5C73D5ED23DA2F6A000DDE85 /* PBXContainerItemProxy */;
		};
/* End PBXTargetDependency section */

/* Begin XCBuildConfiguration section */
		5C73D5F423DA2F6A000DDE85 /* Debug */ = {
			isa = XCBuildConfiguration;
			buildSettings = {
				ALWAYS_SEARCH_USER_PATHS = NO;
				CLANG_ANALYZER_NONNULL = YES;
				CLANG_ANALYZER_NUMBER_OBJECT_CONVERSION = YES_AGGRESSIVE;
				CLANG_CXX_LANGUAGE_STANDARD = "gnu++14";
				CLANG_CXX_LIBRARY = "libc++";
				CLANG_ENABLE_MODULES = YES;
				CLANG_ENABLE_OBJC_ARC = YES;
				CLANG_ENABLE_OBJC_WEAK = YES;
				CLANG_WARN_BLOCK_CAPTURE_AUTORELEASING = YES;
				CLANG_WARN_BOOL_CONVERSION = YES;
				CLANG_WARN_COMMA = YES;
				CLANG_WARN_CONSTANT_CONVERSION = YES;
				CLANG_WARN_DEPRECATED_OBJC_IMPLEMENTATIONS = YES;
				CLANG_WARN_DIRECT_OBJC_ISA_USAGE = YES_ERROR;
				CLANG_WARN_DOCUMENTATION_COMMENTS = YES;
				CLANG_WARN_EMPTY_BODY = YES;
				CLANG_WARN_ENUM_CONVERSION = YES;
				CLANG_WARN_INFINITE_RECURSION = YES;
				CLANG_WARN_INT_CONVERSION = YES;
				CLANG_WARN_NON_LITERAL_NULL_CONVERSION = YES;
				CLANG_WARN_OBJC_IMPLICIT_RETAIN_SELF = YES;
				CLANG_WARN_OBJC_LITERAL_CONVERSION = YES;
				CLANG_WARN_OBJC_ROOT_CLASS = YES_ERROR;
				CLANG_WARN_RANGE_LOOP_ANALYSIS = YES;
				CLANG_WARN_STRICT_PROTOTYPES = YES;
				CLANG_WARN_SUSPICIOUS_MOVE = YES;
				CLANG_WARN_UNGUARDED_AVAILABILITY = YES_AGGRESSIVE;
				CLANG_WARN_UNREACHABLE_CODE = YES;
				CLANG_WARN__DUPLICATE_METHOD_MATCH = YES;
				COPY_PHASE_STRIP = NO;
				CURRENT_PROJECT_VERSION = 1;
				DEBUG_INFORMATION_FORMAT = dwarf;
				ENABLE_STRICT_OBJC_MSGSEND = YES;
				ENABLE_TESTABILITY = YES;
				GCC_C_LANGUAGE_STANDARD = gnu11;
				GCC_DYNAMIC_NO_PIC = NO;
				GCC_NO_COMMON_BLOCKS = YES;
				GCC_OPTIMIZATION_LEVEL = 0;
				GCC_PREPROCESSOR_DEFINITIONS = (
					"DEBUG=1",
					"$(inherited)",
				);
				GCC_WARN_64_TO_32_BIT_CONVERSION = YES;
				GCC_WARN_ABOUT_RETURN_TYPE = YES_ERROR;
				GCC_WARN_UNDECLARED_SELECTOR = YES;
				GCC_WARN_UNINITIALIZED_AUTOS = YES_AGGRESSIVE;
				GCC_WARN_UNUSED_FUNCTION = YES;
				GCC_WARN_UNUSED_VARIABLE = YES;
				IPHONEOS_DEPLOYMENT_TARGET = 13.2;
				MTL_ENABLE_DEBUG_INFO = INCLUDE_SOURCE;
				MTL_FAST_MATH = YES;
				ONLY_ACTIVE_ARCH = YES;
				SDKROOT = iphoneos;
				SWIFT_ACTIVE_COMPILATION_CONDITIONS = DEBUG;
				SWIFT_OPTIMIZATION_LEVEL = "-Onone";
				VERSIONING_SYSTEM = "apple-generic";
				VERSION_INFO_PREFIX = "";
			};
			name = Debug;
		};
		5C73D5F523DA2F6A000DDE85 /* Release */ = {
			isa = XCBuildConfiguration;
			buildSettings = {
				ALWAYS_SEARCH_USER_PATHS = NO;
				CLANG_ANALYZER_NONNULL = YES;
				CLANG_ANALYZER_NUMBER_OBJECT_CONVERSION = YES_AGGRESSIVE;
				CLANG_CXX_LANGUAGE_STANDARD = "gnu++14";
				CLANG_CXX_LIBRARY = "libc++";
				CLANG_ENABLE_MODULES = YES;
				CLANG_ENABLE_OBJC_ARC = YES;
				CLANG_ENABLE_OBJC_WEAK = YES;
				CLANG_WARN_BLOCK_CAPTURE_AUTORELEASING = YES;
				CLANG_WARN_BOOL_CONVERSION = YES;
				CLANG_WARN_COMMA = YES;
				CLANG_WARN_CONSTANT_CONVERSION = YES;
				CLANG_WARN_DEPRECATED_OBJC_IMPLEMENTATIONS = YES;
				CLANG_WARN_DIRECT_OBJC_ISA_USAGE = YES_ERROR;
				CLANG_WARN_DOCUMENTATION_COMMENTS = YES;
				CLANG_WARN_EMPTY_BODY = YES;
				CLANG_WARN_ENUM_CONVERSION = YES;
				CLANG_WARN_INFINITE_RECURSION = YES;
				CLANG_WARN_INT_CONVERSION = YES;
				CLANG_WARN_NON_LITERAL_NULL_CONVERSION = YES;
				CLANG_WARN_OBJC_IMPLICIT_RETAIN_SELF = YES;
				CLANG_WARN_OBJC_LITERAL_CONVERSION = YES;
				CLANG_WARN_OBJC_ROOT_CLASS = YES_ERROR;
				CLANG_WARN_RANGE_LOOP_ANALYSIS = YES;
				CLANG_WARN_STRICT_PROTOTYPES = YES;
				CLANG_WARN_SUSPICIOUS_MOVE = YES;
				CLANG_WARN_UNGUARDED_AVAILABILITY = YES_AGGRESSIVE;
				CLANG_WARN_UNREACHABLE_CODE = YES;
				CLANG_WARN__DUPLICATE_METHOD_MATCH = YES;
				COPY_PHASE_STRIP = NO;
				CURRENT_PROJECT_VERSION = 1;
				DEBUG_INFORMATION_FORMAT = "dwarf-with-dsym";
				ENABLE_NS_ASSERTIONS = NO;
				ENABLE_STRICT_OBJC_MSGSEND = YES;
				GCC_C_LANGUAGE_STANDARD = gnu11;
				GCC_NO_COMMON_BLOCKS = YES;
				GCC_WARN_64_TO_32_BIT_CONVERSION = YES;
				GCC_WARN_ABOUT_RETURN_TYPE = YES_ERROR;
				GCC_WARN_UNDECLARED_SELECTOR = YES;
				GCC_WARN_UNINITIALIZED_AUTOS = YES_AGGRESSIVE;
				GCC_WARN_UNUSED_FUNCTION = YES;
				GCC_WARN_UNUSED_VARIABLE = YES;
				IPHONEOS_DEPLOYMENT_TARGET = 13.2;
				MTL_ENABLE_DEBUG_INFO = NO;
				MTL_FAST_MATH = YES;
				SDKROOT = iphoneos;
				SWIFT_COMPILATION_MODE = wholemodule;
				SWIFT_OPTIMIZATION_LEVEL = "-O";
				VALIDATE_PRODUCT = YES;
				VERSIONING_SYSTEM = "apple-generic";
				VERSION_INFO_PREFIX = "";
			};
			name = Release;
		};
		5C73D5F723DA2F6A000DDE85 /* Debug */ = {
			isa = XCBuildConfiguration;
			buildSettings = {
				CLANG_ENABLE_MODULES = YES;
				CODE_SIGN_STYLE = Automatic;
				DEFINES_MODULE = YES;
				DYLIB_COMPATIBILITY_VERSION = 1;
				DYLIB_CURRENT_VERSION = 1;
				DYLIB_INSTALL_NAME_BASE = "@rpath";
				INFOPLIST_FILE = MarvelApi/Info.plist;
				INSTALL_PATH = "$(LOCAL_LIBRARY_DIR)/Frameworks";
				LD_RUNPATH_SEARCH_PATHS = (
					"$(inherited)",
					"@executable_path/Frameworks",
					"@loader_path/Frameworks",
				);
				PRODUCT_BUNDLE_IDENTIFIER = com.MaksimKazachkov.MarvelApi;
				PRODUCT_NAME = "$(TARGET_NAME:c99extidentifier)";
				SKIP_INSTALL = YES;
				SWIFT_OPTIMIZATION_LEVEL = "-Onone";
				SWIFT_VERSION = 5.0;
				TARGETED_DEVICE_FAMILY = "1,2";
			};
			name = Debug;
		};
		5C73D5F823DA2F6A000DDE85 /* Release */ = {
			isa = XCBuildConfiguration;
			buildSettings = {
				CLANG_ENABLE_MODULES = YES;
				CODE_SIGN_STYLE = Automatic;
				DEFINES_MODULE = YES;
				DYLIB_COMPATIBILITY_VERSION = 1;
				DYLIB_CURRENT_VERSION = 1;
				DYLIB_INSTALL_NAME_BASE = "@rpath";
				INFOPLIST_FILE = MarvelApi/Info.plist;
				INSTALL_PATH = "$(LOCAL_LIBRARY_DIR)/Frameworks";
				LD_RUNPATH_SEARCH_PATHS = (
					"$(inherited)",
					"@executable_path/Frameworks",
					"@loader_path/Frameworks",
				);
				PRODUCT_BUNDLE_IDENTIFIER = com.MaksimKazachkov.MarvelApi;
				PRODUCT_NAME = "$(TARGET_NAME:c99extidentifier)";
				SKIP_INSTALL = YES;
				SWIFT_VERSION = 5.0;
				TARGETED_DEVICE_FAMILY = "1,2";
			};
			name = Release;
		};
		5C73D5FA23DA2F6A000DDE85 /* Debug */ = {
			isa = XCBuildConfiguration;
			buildSettings = {
				ALWAYS_EMBED_SWIFT_STANDARD_LIBRARIES = YES;
				CODE_SIGN_STYLE = Automatic;
				INFOPLIST_FILE = MarvelApiTests/Info.plist;
				LD_RUNPATH_SEARCH_PATHS = (
					"$(inherited)",
					"@executable_path/Frameworks",
					"@loader_path/Frameworks",
				);
				PRODUCT_BUNDLE_IDENTIFIER = com.MaksimKazachkov.MarvelApiTests;
				PRODUCT_NAME = "$(TARGET_NAME)";
				SWIFT_VERSION = 5.0;
				TARGETED_DEVICE_FAMILY = "1,2";
			};
			name = Debug;
		};
		5C73D5FB23DA2F6A000DDE85 /* Release */ = {
			isa = XCBuildConfiguration;
			buildSettings = {
				ALWAYS_EMBED_SWIFT_STANDARD_LIBRARIES = YES;
				CODE_SIGN_STYLE = Automatic;
				INFOPLIST_FILE = MarvelApiTests/Info.plist;
				LD_RUNPATH_SEARCH_PATHS = (
					"$(inherited)",
					"@executable_path/Frameworks",
					"@loader_path/Frameworks",
				);
				PRODUCT_BUNDLE_IDENTIFIER = com.MaksimKazachkov.MarvelApiTests;
				PRODUCT_NAME = "$(TARGET_NAME)";
				SWIFT_VERSION = 5.0;
				TARGETED_DEVICE_FAMILY = "1,2";
			};
			name = Release;
		};
/* End XCBuildConfiguration section */

/* Begin XCConfigurationList section */
		5C73D5DC23DA2F69000DDE85 /* Build configuration list for PBXProject "MarvelApi" */ = {
			isa = XCConfigurationList;
			buildConfigurations = (
				5C73D5F423DA2F6A000DDE85 /* Debug */,
				5C73D5F523DA2F6A000DDE85 /* Release */,
			);
			defaultConfigurationIsVisible = 0;
			defaultConfigurationName = Release;
		};
		5C73D5F623DA2F6A000DDE85 /* Build configuration list for PBXNativeTarget "MarvelApi" */ = {
			isa = XCConfigurationList;
			buildConfigurations = (
				5C73D5F723DA2F6A000DDE85 /* Debug */,
				5C73D5F823DA2F6A000DDE85 /* Release */,
			);
			defaultConfigurationIsVisible = 0;
			defaultConfigurationName = Release;
		};
		5C73D5F923DA2F6A000DDE85 /* Build configuration list for PBXNativeTarget "MarvelApiTests" */ = {
			isa = XCConfigurationList;
			buildConfigurations = (
				5C73D5FA23DA2F6A000DDE85 /* Debug */,
				5C73D5FB23DA2F6A000DDE85 /* Release */,
			);
			defaultConfigurationIsVisible = 0;
			defaultConfigurationName = Release;
		};
/* End XCConfigurationList section */
	};
	rootObject = 5C73D5D923DA2F69000DDE85 /* Project object */;
}
