// !$*UTF8*$!
{
	archiveVersion = 1;
	classes = {
	};
	objectVersion = 52;
	objects = {

/* Begin PBXBuildFile section */
		5C007DA723DF95B800FD8AFB /* MarvelNetwork.framework in Frameworks */ = {isa = PBXBuildFile; fileRef = 5C007D9D23DF95B800FD8AFB /* MarvelNetwork.framework */; };
		5C007DAC23DF95B800FD8AFB /* MarvelNetworkTests.swift in Sources */ = {isa = PBXBuildFile; fileRef = 5C007DAB23DF95B800FD8AFB /* MarvelNetworkTests.swift */; };
		5C007DAE23DF95B800FD8AFB /* MarvelNetwork.h in Headers */ = {isa = PBXBuildFile; fileRef = 5C007DA023DF95B800FD8AFB /* MarvelNetwork.h */; settings = {ATTRIBUTES = (Public, ); }; };
		5C007DBF23DF95D000FD8AFB /* MarvelClient.swift in Sources */ = {isa = PBXBuildFile; fileRef = 5C007DBC23DF95D000FD8AFB /* MarvelClient.swift */; };
		5C007DCE23DF968300FD8AFB /* MarvelDomain.framework in Frameworks */ = {isa = PBXBuildFile; fileRef = 5C007DCD23DF968300FD8AFB /* MarvelDomain.framework */; };
		5C007DD023DF97BC00FD8AFB /* URLType.swift in Sources */ = {isa = PBXBuildFile; fileRef = 5C007DB723DF95C400FD8AFB /* URLType.swift */; };
		5C007DD123DF97BC00FD8AFB /* Character.swift in Sources */ = {isa = PBXBuildFile; fileRef = 5C007DB823DF95C400FD8AFB /* Character.swift */; };
		5C007DD223DF97BC00FD8AFB /* Resource.swift in Sources */ = {isa = PBXBuildFile; fileRef = 5C007DB923DF95C400FD8AFB /* Resource.swift */; };
		5C007DD323DF97BC00FD8AFB /* Image.swift in Sources */ = {isa = PBXBuildFile; fileRef = 5C007DBA23DF95C400FD8AFB /* Image.swift */; };
		5C007DD423DF97BC00FD8AFB /* CharactersRoute.swift in Sources */ = {isa = PBXBuildFile; fileRef = 5C007DC023DF95DA00FD8AFB /* CharactersRoute.swift */; };
		5C007DD523DF97BC00FD8AFB /* URLTransformer.swift in Sources */ = {isa = PBXBuildFile; fileRef = 5C007DC223DF95DA00FD8AFB /* URLTransformer.swift */; };
		5C007DD723DF97BC00FD8AFB /* HTTPURLResponseValidator.swift in Sources */ = {isa = PBXBuildFile; fileRef = 5C007DC523DF95DA00FD8AFB /* HTTPURLResponseValidator.swift */; };
		5C007DD823DF97BC00FD8AFB /* CodableContainerTransformer.swift in Sources */ = {isa = PBXBuildFile; fileRef = 5C007DC623DF95DA00FD8AFB /* CodableContainerTransformer.swift */; };
		5C63DF7F23EC962A00B61C8D /* DEV.xcconfig in Resources */ = {isa = PBXBuildFile; fileRef = 5C63DF7E23EC962A00B61C8D /* DEV.xcconfig */; };
		5C63DF8123EC96D900B61C8D /* XCTestCase+Injection.swift in Sources */ = {isa = PBXBuildFile; fileRef = 5C63DF8023EC96D900B61C8D /* XCTestCase+Injection.swift */; };
		5C63DFAE23EDC9E400B61C8D /* Core.framework in Frameworks */ = {isa = PBXBuildFile; fileRef = 5C63DFAD23EDC9E400B61C8D /* Core.framework */; };
		5C63DFAF23EDC9E400B61C8D /* Core.framework in Embed Frameworks */ = {isa = PBXBuildFile; fileRef = 5C63DFAD23EDC9E400B61C8D /* Core.framework */; settings = {ATTRIBUTES = (CodeSignOnCopy, RemoveHeadersOnCopy, ); }; };
		5CCDD27023E71D850069207E /* CharactersRO.swift in Sources */ = {isa = PBXBuildFile; fileRef = 5CCDD26F23E71D850069207E /* CharactersRO.swift */; };
		5CCDD27623E720560069207E /* HTTPMethod.swift in Sources */ = {isa = PBXBuildFile; fileRef = 5CCDD27523E720560069207E /* HTTPMethod.swift */; };
		5CCDD27A23E720640069207E /* JSONNestedDecoder.swift in Sources */ = {isa = PBXBuildFile; fileRef = 5CCDD27923E720640069207E /* JSONNestedDecoder.swift */; };
		5CCDD27C23E720680069207E /* Route.swift in Sources */ = {isa = PBXBuildFile; fileRef = 5CCDD27B23E720680069207E /* Route.swift */; };
		5CCDD27E23E7206C0069207E /* ServerError.swift in Sources */ = {isa = PBXBuildFile; fileRef = 5CCDD27D23E7206C0069207E /* ServerError.swift */; };
		5CCDD28023E7206F0069207E /* URLRequestConstructor.swift in Sources */ = {isa = PBXBuildFile; fileRef = 5CCDD27F23E7206F0069207E /* URLRequestConstructor.swift */; };
		5CCDD28323E7218C0069207E /* Client.swift in Sources */ = {isa = PBXBuildFile; fileRef = 5CCDD28223E7218C0069207E /* Client.swift */; };
		5CCDD28523E722020069207E /* ImageClient.swift in Sources */ = {isa = PBXBuildFile; fileRef = 5CCDD28423E722020069207E /* ImageClient.swift */; };
/* End PBXBuildFile section */

/* Begin PBXContainerItemProxy section */
		5C007DA823DF95B800FD8AFB /* PBXContainerItemProxy */ = {
			isa = PBXContainerItemProxy;
			containerPortal = 5C007D9423DF95B800FD8AFB /* Project object */;
			proxyType = 1;
			remoteGlobalIDString = 5C007D9C23DF95B800FD8AFB;
			remoteInfo = MarvelNetwork;
		};
/* End PBXContainerItemProxy section */

/* Begin PBXCopyFilesBuildPhase section */
		5C63DFB023EDC9E400B61C8D /* Embed Frameworks */ = {
			isa = PBXCopyFilesBuildPhase;
			buildActionMask = 2147483647;
			dstPath = "";
			dstSubfolderSpec = 10;
			files = (
				5C63DFAF23EDC9E400B61C8D /* Core.framework in Embed Frameworks */,
			);
			name = "Embed Frameworks";
			runOnlyForDeploymentPostprocessing = 0;
		};
/* End PBXCopyFilesBuildPhase section */

/* Begin PBXFileReference section */
		5C007D9D23DF95B800FD8AFB /* MarvelNetwork.framework */ = {isa = PBXFileReference; explicitFileType = wrapper.framework; includeInIndex = 0; path = MarvelNetwork.framework; sourceTree = BUILT_PRODUCTS_DIR; };
		5C007DA023DF95B800FD8AFB /* MarvelNetwork.h */ = {isa = PBXFileReference; lastKnownFileType = sourcecode.c.h; path = MarvelNetwork.h; sourceTree = "<group>"; };
		5C007DA123DF95B800FD8AFB /* Info.plist */ = {isa = PBXFileReference; lastKnownFileType = text.plist.xml; path = Info.plist; sourceTree = "<group>"; };
		5C007DA623DF95B800FD8AFB /* MarvelNetworkTests.xctest */ = {isa = PBXFileReference; explicitFileType = wrapper.cfbundle; includeInIndex = 0; path = MarvelNetworkTests.xctest; sourceTree = BUILT_PRODUCTS_DIR; };
		5C007DAB23DF95B800FD8AFB /* MarvelNetworkTests.swift */ = {isa = PBXFileReference; lastKnownFileType = sourcecode.swift; path = MarvelNetworkTests.swift; sourceTree = "<group>"; };
		5C007DAD23DF95B800FD8AFB /* Info.plist */ = {isa = PBXFileReference; lastKnownFileType = text.plist.xml; path = Info.plist; sourceTree = "<group>"; };
		5C007DB723DF95C400FD8AFB /* URLType.swift */ = {isa = PBXFileReference; lastKnownFileType = sourcecode.swift; path = URLType.swift; sourceTree = "<group>"; };
		5C007DB823DF95C400FD8AFB /* Character.swift */ = {isa = PBXFileReference; lastKnownFileType = sourcecode.swift; path = Character.swift; sourceTree = "<group>"; };
		5C007DB923DF95C400FD8AFB /* Resource.swift */ = {isa = PBXFileReference; lastKnownFileType = sourcecode.swift; path = Resource.swift; sourceTree = "<group>"; };
		5C007DBA23DF95C400FD8AFB /* Image.swift */ = {isa = PBXFileReference; lastKnownFileType = sourcecode.swift; path = Image.swift; sourceTree = "<group>"; };
		5C007DBC23DF95D000FD8AFB /* MarvelClient.swift */ = {isa = PBXFileReference; lastKnownFileType = sourcecode.swift; path = MarvelClient.swift; sourceTree = "<group>"; };
		5C007DC023DF95DA00FD8AFB /* CharactersRoute.swift */ = {isa = PBXFileReference; lastKnownFileType = sourcecode.swift; path = CharactersRoute.swift; sourceTree = "<group>"; };
		5C007DC223DF95DA00FD8AFB /* URLTransformer.swift */ = {isa = PBXFileReference; lastKnownFileType = sourcecode.swift; path = URLTransformer.swift; sourceTree = "<group>"; };
		5C007DC523DF95DA00FD8AFB /* HTTPURLResponseValidator.swift */ = {isa = PBXFileReference; lastKnownFileType = sourcecode.swift; path = HTTPURLResponseValidator.swift; sourceTree = "<group>"; };
		5C007DC623DF95DA00FD8AFB /* CodableContainerTransformer.swift */ = {isa = PBXFileReference; lastKnownFileType = sourcecode.swift; path = CodableContainerTransformer.swift; sourceTree = "<group>"; };
		5C007DCD23DF968300FD8AFB /* MarvelDomain.framework */ = {isa = PBXFileReference; explicitFileType = wrapper.framework; path = MarvelDomain.framework; sourceTree = BUILT_PRODUCTS_DIR; };
		5C63DF7E23EC962A00B61C8D /* DEV.xcconfig */ = {isa = PBXFileReference; fileEncoding = 4; lastKnownFileType = text.xcconfig; name = DEV.xcconfig; path = ../DEV.xcconfig; sourceTree = "<group>"; };
		5C63DF8023EC96D900B61C8D /* XCTestCase+Injection.swift */ = {isa = PBXFileReference; lastKnownFileType = sourcecode.swift; path = "XCTestCase+Injection.swift"; sourceTree = "<group>"; };
		5C63DFAD23EDC9E400B61C8D /* Core.framework */ = {isa = PBXFileReference; explicitFileType = wrapper.framework; path = Core.framework; sourceTree = BUILT_PRODUCTS_DIR; };
		5CA2785C23DF99E10091ACD1 /* ImageClient.swift */ = {isa = PBXFileReference; lastKnownFileType = sourcecode.swift; path = ImageClient.swift; sourceTree = "<group>"; };
		5CCDD26F23E71D850069207E /* CharactersRO.swift */ = {isa = PBXFileReference; lastKnownFileType = sourcecode.swift; path = CharactersRO.swift; sourceTree = "<group>"; };
		5CCDD27523E720560069207E /* HTTPMethod.swift */ = {isa = PBXFileReference; lastKnownFileType = sourcecode.swift; path = HTTPMethod.swift; sourceTree = "<group>"; };
		5CCDD27923E720640069207E /* JSONNestedDecoder.swift */ = {isa = PBXFileReference; lastKnownFileType = sourcecode.swift; path = JSONNestedDecoder.swift; sourceTree = "<group>"; };
		5CCDD27B23E720680069207E /* Route.swift */ = {isa = PBXFileReference; lastKnownFileType = sourcecode.swift; path = Route.swift; sourceTree = "<group>"; };
		5CCDD27D23E7206C0069207E /* ServerError.swift */ = {isa = PBXFileReference; lastKnownFileType = sourcecode.swift; path = ServerError.swift; sourceTree = "<group>"; };
		5CCDD27F23E7206F0069207E /* URLRequestConstructor.swift */ = {isa = PBXFileReference; lastKnownFileType = sourcecode.swift; path = URLRequestConstructor.swift; sourceTree = "<group>"; };
		5CCDD28223E7218C0069207E /* Client.swift */ = {isa = PBXFileReference; lastKnownFileType = sourcecode.swift; path = Client.swift; sourceTree = "<group>"; };
		5CCDD28423E722020069207E /* ImageClient.swift */ = {isa = PBXFileReference; lastKnownFileType = sourcecode.swift; path = ImageClient.swift; sourceTree = "<group>"; };
/* End PBXFileReference section */

/* Begin PBXFrameworksBuildPhase section */
		5C007D9A23DF95B800FD8AFB /* Frameworks */ = {
			isa = PBXFrameworksBuildPhase;
			buildActionMask = 2147483647;
			files = (
				5C63DFAE23EDC9E400B61C8D /* Core.framework in Frameworks */,
				5C007DCE23DF968300FD8AFB /* MarvelDomain.framework in Frameworks */,
			);
			runOnlyForDeploymentPostprocessing = 0;
		};
		5C007DA323DF95B800FD8AFB /* Frameworks */ = {
			isa = PBXFrameworksBuildPhase;
			buildActionMask = 2147483647;
			files = (
				5C007DA723DF95B800FD8AFB /* MarvelNetwork.framework in Frameworks */,
			);
			runOnlyForDeploymentPostprocessing = 0;
		};
/* End PBXFrameworksBuildPhase section */

/* Begin PBXGroup section */
		5C007D9323DF95B800FD8AFB = {
			isa = PBXGroup;
			children = (
				5C63DF7E23EC962A00B61C8D /* DEV.xcconfig */,
				5C007D9F23DF95B800FD8AFB /* MarvelNetwork */,
				5C007DAA23DF95B800FD8AFB /* MarvelNetworkTests */,
				5C007D9E23DF95B800FD8AFB /* Products */,
				5C007DC823DF967F00FD8AFB /* Frameworks */,
			);
			sourceTree = "<group>";
		};
		5C007D9E23DF95B800FD8AFB /* Products */ = {
			isa = PBXGroup;
			children = (
				5C007D9D23DF95B800FD8AFB /* MarvelNetwork.framework */,
				5C007DA623DF95B800FD8AFB /* MarvelNetworkTests.xctest */,
			);
			name = Products;
			sourceTree = "<group>";
		};
		5C007D9F23DF95B800FD8AFB /* MarvelNetwork */ = {
			isa = PBXGroup;
			children = (
				5C007DA023DF95B800FD8AFB /* MarvelNetwork.h */,
				5C007DA123DF95B800FD8AFB /* Info.plist */,
				5CCDD27523E720560069207E /* HTTPMethod.swift */,
				5CA2785C23DF99E10091ACD1 /* ImageClient.swift */,
				5C007DBC23DF95D000FD8AFB /* MarvelClient.swift */,
				5CCDD27D23E7206C0069207E /* ServerError.swift */,
				5CCDD27F23E7206F0069207E /* URLRequestConstructor.swift */,
				5CCDD28123E721770069207E /* Abstract */,
				5C007DBB23DF95C400FD8AFB /* Entries */,
				5C007DC123DF95DA00FD8AFB /* Routes */,
				5C007DC723DF95DA00FD8AFB /* Utilities */,
			);
			path = MarvelNetwork;
			sourceTree = "<group>";
		};
		5C007DAA23DF95B800FD8AFB /* MarvelNetworkTests */ = {
			isa = PBXGroup;
			children = (
				5C007DAB23DF95B800FD8AFB /* MarvelNetworkTests.swift */,
				5C007DAD23DF95B800FD8AFB /* Info.plist */,
				5C63DF8023EC96D900B61C8D /* XCTestCase+Injection.swift */,
			);
			path = MarvelNetworkTests;
			sourceTree = "<group>";
		};
		5C007DBB23DF95C400FD8AFB /* Entries */ = {
			isa = PBXGroup;
			children = (
				5CCDD27223E71ED60069207E /* Domain+Codable */,
				5CCDD26E23E71D600069207E /* Request */,
				5CCDD26D23E71D560069207E /* Response */,
			);
			path = Entries;
			sourceTree = "<group>";
		};
		5C007DC123DF95DA00FD8AFB /* Routes */ = {
			isa = PBXGroup;
			children = (
				5C007DC023DF95DA00FD8AFB /* CharactersRoute.swift */,
			);
			path = Routes;
			sourceTree = "<group>";
		};
		5C007DC323DF95DA00FD8AFB /* Transformers */ = {
			isa = PBXGroup;
			children = (
				5C007DC223DF95DA00FD8AFB /* URLTransformer.swift */,
			);
			path = Transformers;
			sourceTree = "<group>";
		};
		5C007DC723DF95DA00FD8AFB /* Utilities */ = {
			isa = PBXGroup;
			children = (
				5C007DC623DF95DA00FD8AFB /* CodableContainerTransformer.swift */,
				5C007DC523DF95DA00FD8AFB /* HTTPURLResponseValidator.swift */,
				5CCDD27923E720640069207E /* JSONNestedDecoder.swift */,
				5C007DC323DF95DA00FD8AFB /* Transformers */,
			);
			path = Utilities;
			sourceTree = "<group>";
		};
		5C007DC823DF967F00FD8AFB /* Frameworks */ = {
			isa = PBXGroup;
			children = (
				5C63DFAD23EDC9E400B61C8D /* Core.framework */,
				5C007DCD23DF968300FD8AFB /* MarvelDomain.framework */,
			);
			name = Frameworks;
			sourceTree = "<group>";
		};
		5CCDD26D23E71D560069207E /* Response */ = {
			isa = PBXGroup;
			children = (
			);
			path = Response;
			sourceTree = "<group>";
		};
		5CCDD26E23E71D600069207E /* Request */ = {
			isa = PBXGroup;
			children = (
				5CCDD26F23E71D850069207E /* CharactersRO.swift */,
			);
			path = Request;
			sourceTree = "<group>";
		};
		5CCDD27223E71ED60069207E /* Domain+Codable */ = {
			isa = PBXGroup;
			children = (
				5C007DB723DF95C400FD8AFB /* URLType.swift */,
				5C007DB823DF95C400FD8AFB /* Character.swift */,
				5C007DB923DF95C400FD8AFB /* Resource.swift */,
				5C007DBA23DF95C400FD8AFB /* Image.swift */,
			);
			path = "Domain+Codable";
			sourceTree = "<group>";
		};
		5CCDD28123E721770069207E /* Abstract */ = {
			isa = PBXGroup;
			children = (
				5CCDD27B23E720680069207E /* Route.swift */,
				5CCDD28223E7218C0069207E /* Client.swift */,
				5CCDD28423E722020069207E /* ImageClient.swift */,
			);
			path = Abstract;
			sourceTree = "<group>";
		};
/* End PBXGroup section */

/* Begin PBXHeadersBuildPhase section */
		5C007D9823DF95B800FD8AFB /* Headers */ = {
			isa = PBXHeadersBuildPhase;
			buildActionMask = 2147483647;
			files = (
				5C007DAE23DF95B800FD8AFB /* MarvelNetwork.h in Headers */,
			);
			runOnlyForDeploymentPostprocessing = 0;
		};
/* End PBXHeadersBuildPhase section */

/* Begin PBXNativeTarget section */
		5C007D9C23DF95B800FD8AFB /* MarvelNetwork */ = {
			isa = PBXNativeTarget;
			buildConfigurationList = 5C007DB123DF95B800FD8AFB /* Build configuration list for PBXNativeTarget "MarvelNetwork" */;
			buildPhases = (
				5C007D9823DF95B800FD8AFB /* Headers */,
				5C007D9923DF95B800FD8AFB /* Sources */,
				5C007D9A23DF95B800FD8AFB /* Frameworks */,
				5C007D9B23DF95B800FD8AFB /* Resources */,
				5C63DFB023EDC9E400B61C8D /* Embed Frameworks */,
			);
			buildRules = (
			);
			dependencies = (
			);
			name = MarvelNetwork;
			packageProductDependencies = (
			);
			productName = MarvelNetwork;
			productReference = 5C007D9D23DF95B800FD8AFB /* MarvelNetwork.framework */;
			productType = "com.apple.product-type.framework";
		};
		5C007DA523DF95B800FD8AFB /* MarvelNetworkTests */ = {
			isa = PBXNativeTarget;
			buildConfigurationList = 5C007DB423DF95B800FD8AFB /* Build configuration list for PBXNativeTarget "MarvelNetworkTests" */;
			buildPhases = (
				5C007DA223DF95B800FD8AFB /* Sources */,
				5C007DA323DF95B800FD8AFB /* Frameworks */,
				5C007DA423DF95B800FD8AFB /* Resources */,
			);
			buildRules = (
			);
			dependencies = (
				5C007DA923DF95B800FD8AFB /* PBXTargetDependency */,
			);
			name = MarvelNetworkTests;
			productName = MarvelNetworkTests;
			productReference = 5C007DA623DF95B800FD8AFB /* MarvelNetworkTests.xctest */;
			productType = "com.apple.product-type.bundle.unit-test";
		};
/* End PBXNativeTarget section */

/* Begin PBXProject section */
		5C007D9423DF95B800FD8AFB /* Project object */ = {
			isa = PBXProject;
			attributes = {
				LastSwiftUpdateCheck = 1130;
				LastUpgradeCheck = 1130;
				ORGANIZATIONNAME = "Maksim Kazachkov";
				TargetAttributes = {
					5C007D9C23DF95B800FD8AFB = {
						CreatedOnToolsVersion = 11.3.1;
					};
					5C007DA523DF95B800FD8AFB = {
						CreatedOnToolsVersion = 11.3.1;
					};
				};
			};
			buildConfigurationList = 5C007D9723DF95B800FD8AFB /* Build configuration list for PBXProject "MarvelNetwork" */;
			compatibilityVersion = "Xcode 9.3";
			developmentRegion = en;
			hasScannedForEncodings = 0;
			knownRegions = (
				en,
				Base,
			);
			mainGroup = 5C007D9323DF95B800FD8AFB;
			packageReferences = (
				5C63DF6D23EC8B0400B61C8D /* XCRemoteSwiftPackageReference "Resolver" */,
			);
			productRefGroup = 5C007D9E23DF95B800FD8AFB /* Products */;
			projectDirPath = "";
			projectRoot = "";
			targets = (
				5C007D9C23DF95B800FD8AFB /* MarvelNetwork */,
				5C007DA523DF95B800FD8AFB /* MarvelNetworkTests */,
			);
		};
/* End PBXProject section */

/* Begin PBXResourcesBuildPhase section */
		5C007D9B23DF95B800FD8AFB /* Resources */ = {
			isa = PBXResourcesBuildPhase;
			buildActionMask = 2147483647;
			files = (
				5C63DF7F23EC962A00B61C8D /* DEV.xcconfig in Resources */,
			);
			runOnlyForDeploymentPostprocessing = 0;
		};
		5C007DA423DF95B800FD8AFB /* Resources */ = {
			isa = PBXResourcesBuildPhase;
			buildActionMask = 2147483647;
			files = (
			);
			runOnlyForDeploymentPostprocessing = 0;
		};
/* End PBXResourcesBuildPhase section */

/* Begin PBXSourcesBuildPhase section */
		5C007D9923DF95B800FD8AFB /* Sources */ = {
			isa = PBXSourcesBuildPhase;
			buildActionMask = 2147483647;
			files = (
				5C007DD023DF97BC00FD8AFB /* URLType.swift in Sources */,
				5CCDD27023E71D850069207E /* CharactersRO.swift in Sources */,
				5C007DD123DF97BC00FD8AFB /* Character.swift in Sources */,
				5C007DD223DF97BC00FD8AFB /* Resource.swift in Sources */,
				5C007DD323DF97BC00FD8AFB /* Image.swift in Sources */,
				5CCDD27A23E720640069207E /* JSONNestedDecoder.swift in Sources */,
				5CCDD28523E722020069207E /* ImageClient.swift in Sources */,
				5C007DD423DF97BC00FD8AFB /* CharactersRoute.swift in Sources */,
				5C007DD523DF97BC00FD8AFB /* URLTransformer.swift in Sources */,
				5CCDD28023E7206F0069207E /* URLRequestConstructor.swift in Sources */,
				5CCDD27C23E720680069207E /* Route.swift in Sources */,
				5CCDD27623E720560069207E /* HTTPMethod.swift in Sources */,
				5C007DD723DF97BC00FD8AFB /* HTTPURLResponseValidator.swift in Sources */,
				5C007DD823DF97BC00FD8AFB /* CodableContainerTransformer.swift in Sources */,
				5C007DBF23DF95D000FD8AFB /* MarvelClient.swift in Sources */,
				5CCDD28323E7218C0069207E /* Client.swift in Sources */,
				5CCDD27E23E7206C0069207E /* ServerError.swift in Sources */,
			);
			runOnlyForDeploymentPostprocessing = 0;
		};
		5C007DA223DF95B800FD8AFB /* Sources */ = {
			isa = PBXSourcesBuildPhase;
			buildActionMask = 2147483647;
			files = (
				5C63DF8123EC96D900B61C8D /* XCTestCase+Injection.swift in Sources */,
				5C007DAC23DF95B800FD8AFB /* MarvelNetworkTests.swift in Sources */,
			);
			runOnlyForDeploymentPostprocessing = 0;
		};
/* End PBXSourcesBuildPhase section */

/* Begin PBXTargetDependency section */
		5C007DA923DF95B800FD8AFB /* PBXTargetDependency */ = {
			isa = PBXTargetDependency;
			target = 5C007D9C23DF95B800FD8AFB /* MarvelNetwork */;
			targetProxy = 5C007DA823DF95B800FD8AFB /* PBXContainerItemProxy */;
		};
/* End PBXTargetDependency section */

/* Begin XCBuildConfiguration section */
		5C007DAF23DF95B800FD8AFB /* Debug */ = {
			isa = XCBuildConfiguration;
			buildSettings = {
				ALWAYS_SEARCH_USER_PATHS = NO;
				CLANG_ANALYZER_NONNULL = YES;
				CLANG_ANALYZER_NUMBER_OBJECT_CONVERSION = YES_AGGRESSIVE;
				CLANG_CXX_LANGUAGE_STANDARD = "gnu++14";
				CLANG_CXX_LIBRARY = "libc++";
				CLANG_ENABLE_MODULES = YES;
				CLANG_ENABLE_OBJC_ARC = YES;
				CLANG_ENABLE_OBJC_WEAK = YES;
				CLANG_WARN_BLOCK_CAPTURE_AUTORELEASING = YES;
				CLANG_WARN_BOOL_CONVERSION = YES;
				CLANG_WARN_COMMA = YES;
				CLANG_WARN_CONSTANT_CONVERSION = YES;
				CLANG_WARN_DEPRECATED_OBJC_IMPLEMENTATIONS = YES;
				CLANG_WARN_DIRECT_OBJC_ISA_USAGE = YES_ERROR;
				CLANG_WARN_DOCUMENTATION_COMMENTS = YES;
				CLANG_WARN_EMPTY_BODY = YES;
				CLANG_WARN_ENUM_CONVERSION = YES;
				CLANG_WARN_INFINITE_RECURSION = YES;
				CLANG_WARN_INT_CONVERSION = YES;
				CLANG_WARN_NON_LITERAL_NULL_CONVERSION = YES;
				CLANG_WARN_OBJC_IMPLICIT_RETAIN_SELF = YES;
				CLANG_WARN_OBJC_LITERAL_CONVERSION = YES;
				CLANG_WARN_OBJC_ROOT_CLASS = YES_ERROR;
				CLANG_WARN_RANGE_LOOP_ANALYSIS = YES;
				CLANG_WARN_STRICT_PROTOTYPES = YES;
				CLANG_WARN_SUSPICIOUS_MOVE = YES;
				CLANG_WARN_UNGUARDED_AVAILABILITY = YES_AGGRESSIVE;
				CLANG_WARN_UNREACHABLE_CODE = YES;
				CLANG_WARN__DUPLICATE_METHOD_MATCH = YES;
				COPY_PHASE_STRIP = NO;
				CURRENT_PROJECT_VERSION = 1;
				DEBUG_INFORMATION_FORMAT = dwarf;
				ENABLE_STRICT_OBJC_MSGSEND = YES;
				ENABLE_TESTABILITY = YES;
				GCC_C_LANGUAGE_STANDARD = gnu11;
				GCC_DYNAMIC_NO_PIC = NO;
				GCC_NO_COMMON_BLOCKS = YES;
				GCC_OPTIMIZATION_LEVEL = 0;
				GCC_PREPROCESSOR_DEFINITIONS = (
					"DEBUG=1",
					"$(inherited)",
				);
				GCC_WARN_64_TO_32_BIT_CONVERSION = YES;
				GCC_WARN_ABOUT_RETURN_TYPE = YES_ERROR;
				GCC_WARN_UNDECLARED_SELECTOR = YES;
				GCC_WARN_UNINITIALIZED_AUTOS = YES_AGGRESSIVE;
				GCC_WARN_UNUSED_FUNCTION = YES;
				GCC_WARN_UNUSED_VARIABLE = YES;
				IPHONEOS_DEPLOYMENT_TARGET = 13.2;
				MTL_ENABLE_DEBUG_INFO = INCLUDE_SOURCE;
				MTL_FAST_MATH = YES;
				ONLY_ACTIVE_ARCH = YES;
				SDKROOT = iphoneos;
				SWIFT_ACTIVE_COMPILATION_CONDITIONS = DEBUG;
				SWIFT_OPTIMIZATION_LEVEL = "-Onone";
				VERSIONING_SYSTEM = "apple-generic";
				VERSION_INFO_PREFIX = "";
			};
			name = Debug;
		};
		5C007DB023DF95B800FD8AFB /* Release */ = {
			isa = XCBuildConfiguration;
			buildSettings = {
				ALWAYS_SEARCH_USER_PATHS = NO;
				CLANG_ANALYZER_NONNULL = YES;
				CLANG_ANALYZER_NUMBER_OBJECT_CONVERSION = YES_AGGRESSIVE;
				CLANG_CXX_LANGUAGE_STANDARD = "gnu++14";
				CLANG_CXX_LIBRARY = "libc++";
				CLANG_ENABLE_MODULES = YES;
				CLANG_ENABLE_OBJC_ARC = YES;
				CLANG_ENABLE_OBJC_WEAK = YES;
				CLANG_WARN_BLOCK_CAPTURE_AUTORELEASING = YES;
				CLANG_WARN_BOOL_CONVERSION = YES;
				CLANG_WARN_COMMA = YES;
				CLANG_WARN_CONSTANT_CONVERSION = YES;
				CLANG_WARN_DEPRECATED_OBJC_IMPLEMENTATIONS = YES;
				CLANG_WARN_DIRECT_OBJC_ISA_USAGE = YES_ERROR;
				CLANG_WARN_DOCUMENTATION_COMMENTS = YES;
				CLANG_WARN_EMPTY_BODY = YES;
				CLANG_WARN_ENUM_CONVERSION = YES;
				CLANG_WARN_INFINITE_RECURSION = YES;
				CLANG_WARN_INT_CONVERSION = YES;
				CLANG_WARN_NON_LITERAL_NULL_CONVERSION = YES;
				CLANG_WARN_OBJC_IMPLICIT_RETAIN_SELF = YES;
				CLANG_WARN_OBJC_LITERAL_CONVERSION = YES;
				CLANG_WARN_OBJC_ROOT_CLASS = YES_ERROR;
				CLANG_WARN_RANGE_LOOP_ANALYSIS = YES;
				CLANG_WARN_STRICT_PROTOTYPES = YES;
				CLANG_WARN_SUSPICIOUS_MOVE = YES;
				CLANG_WARN_UNGUARDED_AVAILABILITY = YES_AGGRESSIVE;
				CLANG_WARN_UNREACHABLE_CODE = YES;
				CLANG_WARN__DUPLICATE_METHOD_MATCH = YES;
				COPY_PHASE_STRIP = NO;
				CURRENT_PROJECT_VERSION = 1;
				DEBUG_INFORMATION_FORMAT = "dwarf-with-dsym";
				ENABLE_NS_ASSERTIONS = NO;
				ENABLE_STRICT_OBJC_MSGSEND = YES;
				GCC_C_LANGUAGE_STANDARD = gnu11;
				GCC_NO_COMMON_BLOCKS = YES;
				GCC_WARN_64_TO_32_BIT_CONVERSION = YES;
				GCC_WARN_ABOUT_RETURN_TYPE = YES_ERROR;
				GCC_WARN_UNDECLARED_SELECTOR = YES;
				GCC_WARN_UNINITIALIZED_AUTOS = YES_AGGRESSIVE;
				GCC_WARN_UNUSED_FUNCTION = YES;
				GCC_WARN_UNUSED_VARIABLE = YES;
				IPHONEOS_DEPLOYMENT_TARGET = 13.2;
				MTL_ENABLE_DEBUG_INFO = NO;
				MTL_FAST_MATH = YES;
				SDKROOT = iphoneos;
				SWIFT_COMPILATION_MODE = wholemodule;
				SWIFT_OPTIMIZATION_LEVEL = "-O";
				VALIDATE_PRODUCT = YES;
				VERSIONING_SYSTEM = "apple-generic";
				VERSION_INFO_PREFIX = "";
			};
			name = Release;
		};
		5C007DB223DF95B800FD8AFB /* Debug */ = {
			isa = XCBuildConfiguration;
			buildSettings = {
				CODE_SIGN_STYLE = Automatic;
				DEFINES_MODULE = YES;
				DYLIB_COMPATIBILITY_VERSION = 1;
				DYLIB_CURRENT_VERSION = 1;
				DYLIB_INSTALL_NAME_BASE = "@rpath";
				INFOPLIST_FILE = MarvelNetwork/Info.plist;
				INSTALL_PATH = "$(LOCAL_LIBRARY_DIR)/Frameworks";
				LD_RUNPATH_SEARCH_PATHS = (
					"$(inherited)",
					"@executable_path/Frameworks",
					"@loader_path/Frameworks",
				);
				PRODUCT_BUNDLE_IDENTIFIER = com.MaksimKazachkov.MarvelNetwork;
				PRODUCT_NAME = "$(TARGET_NAME:c99extidentifier)";
				SKIP_INSTALL = YES;
				SWIFT_VERSION = 5.0;
				TARGETED_DEVICE_FAMILY = "1,2";
			};
			name = Debug;
		};
		5C007DB323DF95B800FD8AFB /* Release */ = {
			isa = XCBuildConfiguration;
			buildSettings = {
				CODE_SIGN_STYLE = Automatic;
				DEFINES_MODULE = YES;
				DYLIB_COMPATIBILITY_VERSION = 1;
				DYLIB_CURRENT_VERSION = 1;
				DYLIB_INSTALL_NAME_BASE = "@rpath";
				INFOPLIST_FILE = MarvelNetwork/Info.plist;
				INSTALL_PATH = "$(LOCAL_LIBRARY_DIR)/Frameworks";
				LD_RUNPATH_SEARCH_PATHS = (
					"$(inherited)",
					"@executable_path/Frameworks",
					"@loader_path/Frameworks",
				);
				PRODUCT_BUNDLE_IDENTIFIER = com.MaksimKazachkov.MarvelNetwork;
				PRODUCT_NAME = "$(TARGET_NAME:c99extidentifier)";
				SKIP_INSTALL = YES;
				SWIFT_VERSION = 5.0;
				TARGETED_DEVICE_FAMILY = "1,2";
			};
			name = Release;
		};
		5C007DB523DF95B800FD8AFB /* Debug */ = {
			isa = XCBuildConfiguration;
			baseConfigurationReference = 5C63DF7E23EC962A00B61C8D /* DEV.xcconfig */;
			buildSettings = {
				ALWAYS_EMBED_SWIFT_STANDARD_LIBRARIES = YES;
				CODE_SIGN_STYLE = Automatic;
				INFOPLIST_FILE = MarvelNetworkTests/Info.plist;
				LD_RUNPATH_SEARCH_PATHS = (
					"$(inherited)",
					"@executable_path/Frameworks",
					"@loader_path/Frameworks",
				);
				PRODUCT_BUNDLE_IDENTIFIER = com.MaksimKazachkov.MarvelNetworkTests;
				PRODUCT_NAME = "$(TARGET_NAME)";
				SWIFT_VERSION = 5.0;
				TARGETED_DEVICE_FAMILY = "1,2";
			};
			name = Debug;
		};
		5C007DB623DF95B800FD8AFB /* Release */ = {
			isa = XCBuildConfiguration;
			buildSettings = {
				ALWAYS_EMBED_SWIFT_STANDARD_LIBRARIES = YES;
				CODE_SIGN_STYLE = Automatic;
				INFOPLIST_FILE = MarvelNetworkTests/Info.plist;
				LD_RUNPATH_SEARCH_PATHS = (
					"$(inherited)",
					"@executable_path/Frameworks",
					"@loader_path/Frameworks",
				);
				PRODUCT_BUNDLE_IDENTIFIER = com.MaksimKazachkov.MarvelNetworkTests;
				PRODUCT_NAME = "$(TARGET_NAME)";
				SWIFT_VERSION = 5.0;
				TARGETED_DEVICE_FAMILY = "1,2";
			};
			name = Release;
		};
/* End XCBuildConfiguration section */

/* Begin XCConfigurationList section */
		5C007D9723DF95B800FD8AFB /* Build configuration list for PBXProject "MarvelNetwork" */ = {
			isa = XCConfigurationList;
			buildConfigurations = (
				5C007DAF23DF95B800FD8AFB /* Debug */,
				5C007DB023DF95B800FD8AFB /* Release */,
			);
			defaultConfigurationIsVisible = 0;
			defaultConfigurationName = Release;
		};
		5C007DB123DF95B800FD8AFB /* Build configuration list for PBXNativeTarget "MarvelNetwork" */ = {
			isa = XCConfigurationList;
			buildConfigurations = (
				5C007DB223DF95B800FD8AFB /* Debug */,
				5C007DB323DF95B800FD8AFB /* Release */,
			);
			defaultConfigurationIsVisible = 0;
			defaultConfigurationName = Release;
		};
		5C007DB423DF95B800FD8AFB /* Build configuration list for PBXNativeTarget "MarvelNetworkTests" */ = {
			isa = XCConfigurationList;
			buildConfigurations = (
				5C007DB523DF95B800FD8AFB /* Debug */,
				5C007DB623DF95B800FD8AFB /* Release */,
			);
			defaultConfigurationIsVisible = 0;
			defaultConfigurationName = Release;
		};
/* End XCConfigurationList section */

/* Begin XCRemoteSwiftPackageReference section */
		5C63DF6D23EC8B0400B61C8D /* XCRemoteSwiftPackageReference "Resolver" */ = {
			isa = XCRemoteSwiftPackageReference;
			repositoryURL = "https://github.com/hmlongco/Resolver.git";
			requirement = {
				kind = upToNextMajorVersion;
				minimumVersion = 1.1.2;
			};
		};
/* End XCRemoteSwiftPackageReference section */
	};
	rootObject = 5C007D9423DF95B800FD8AFB /* Project object */;
}
